PODS:
  - Alamofire (5.7.1)
  - IQKeyboardManagerSwift (6.5.12)
  - SnapKit (5.6.0)

DEPENDENCIES:
  - Alamofire
  - IQKeyboardManagerSwift
  - SnapKit

SPEC REPOS:
  trunk:
    - Alamofire
    - IQKeyboardManagerSwift
    - SnapKit

SPEC CHECKSUMS:
  Alamofire: 0123a34370cb170936ae79a8df46cc62b2edeb88
  IQKeyboardManagerSwift: 371b08cb39664fb56030f5345c815a4ffc74bbc0
  SnapKit: e01d52ebb8ddbc333eefe2132acf85c8227d9c25

PODFILE CHECKSUM: b4dfa608a24ae0a25b20241bccecc68900b80c98

COCOAPODS: 1.12.1
