PODS:
  - Alamofire (5.7.1)
  - SnapKit (5.6.0)

DEPENDENCIES:
  - Alamofire
  - SnapKit

SPEC REPOS:
  trunk:
    - Alamofire
    - SnapKit

SPEC CHECKSUMS:
  Alamofire: 0123a34370cb170936ae79a8df46cc62b2edeb88
  SnapKit: e01d52ebb8ddbc333eefe2132acf85c8227d9c25

PODFILE CHECKSUM: 73e1ab983791629a1a043a61d781a5e2aeaaea65

COCOAPODS: 1.12.1
