// !$*UTF8*$!
{
	archiveVersion = 1;
	classes = {
	};
	objectVersion = 56;
	objects = {

/* Begin PBXBuildFile section */
		2E1D582E2A53ECFD00C1FE9B /* UIViewController.swift in Sources */ = {isa = PBXBuildFile; fileRef = 2E1D582D2A53ECFD00C1FE9B /* UIViewController.swift */; };
		2E1D58342A53F83000C1FE9B /* Main.storyboard in Resources */ = {isa = PBXBuildFile; fileRef = 2E1D58332A53F83000C1FE9B /* Main.storyboard */; };
		2E1D583D2A53FB0D00C1FE9B /* Login.storyboard in Resources */ = {isa = PBXBuildFile; fileRef = 2E1D583C2A53FB0D00C1FE9B /* Login.storyboard */; };
		2E1D583F2A53FB2200C1FE9B /* LoginVC.swift in Sources */ = {isa = PBXBuildFile; fileRef = 2E1D583E2A53FB2200C1FE9B /* LoginVC.swift */; };
		2E309DB22A55081600B19B2A /* HomeVC.swift in Sources */ = {isa = PBXBuildFile; fileRef = 2E309DB12A55081600B19B2A /* HomeVC.swift */; };
		2E309DBA2A550BCB00B19B2A /* TabBar.storyboard in Resources */ = {isa = PBXBuildFile; fileRef = 2E309DB92A550BCB00B19B2A /* TabBar.storyboard */; };
		2E309DBC2A550C3E00B19B2A /* Search.storyboard in Resources */ = {isa = PBXBuildFile; fileRef = 2E309DBB2A550C3E00B19B2A /* Search.storyboard */; };
		2E309DBE2A550C5A00B19B2A /* MyPage.storyboard in Resources */ = {isa = PBXBuildFile; fileRef = 2E309DBD2A550C5A00B19B2A /* MyPage.storyboard */; };
		2E309DC02A550D0D00B19B2A /* Home.storyboard in Resources */ = {isa = PBXBuildFile; fileRef = 2E309DBF2A550D0D00B19B2A /* Home.storyboard */; };
		2E309DC82A55131F00B19B2A /* ReviewCell.swift in Sources */ = {isa = PBXBuildFile; fileRef = 2E309DC62A55131F00B19B2A /* ReviewCell.swift */; };
		2E309DC92A55131F00B19B2A /* ReviewCell.xib in Resources */ = {isa = PBXBuildFile; fileRef = 2E309DC72A55131F00B19B2A /* ReviewCell.xib */; };
		2E309DCF2A55425000B19B2A /* UIImageView.swift in Sources */ = {isa = PBXBuildFile; fileRef = 2E309DCE2A55425000B19B2A /* UIImageView.swift */; };
		2E309DD12A554C3600B19B2A /* UILabel.swift in Sources */ = {isa = PBXBuildFile; fileRef = 2E309DD02A554C3600B19B2A /* UILabel.swift */; };
		2E309DDA2A55558700B19B2A /* ReviewImageCell.swift in Sources */ = {isa = PBXBuildFile; fileRef = 2E309DD82A55558700B19B2A /* ReviewImageCell.swift */; };
		2E309DDB2A55558700B19B2A /* ReviewImageCell.xib in Resources */ = {isa = PBXBuildFile; fileRef = 2E309DD92A55558700B19B2A /* ReviewImageCell.xib */; };
		2E80BE832A5F0A09002E8F0E /* FilterCell.swift in Sources */ = {isa = PBXBuildFile; fileRef = 2E80BE812A5F0A09002E8F0E /* FilterCell.swift */; };
		2E80BE842A5F0A09002E8F0E /* FilterCell.xib in Resources */ = {isa = PBXBuildFile; fileRef = 2E80BE822A5F0A09002E8F0E /* FilterCell.xib */; };
		2E80BE872A5F9D97002E8F0E /* SearchCell.swift in Sources */ = {isa = PBXBuildFile; fileRef = 2E80BE852A5F9D97002E8F0E /* SearchCell.swift */; };
		2E80BE882A5F9D97002E8F0E /* SearchCell.xib in Resources */ = {isa = PBXBuildFile; fileRef = 2E80BE862A5F9D97002E8F0E /* SearchCell.xib */; };
		2E9F85D32A5270F10082BC8B /* AppDelegate.swift in Sources */ = {isa = PBXBuildFile; fileRef = 2E9F85D22A5270F10082BC8B /* AppDelegate.swift */; };
		2E9F85D52A5270F10082BC8B /* SceneDelegate.swift in Sources */ = {isa = PBXBuildFile; fileRef = 2E9F85D42A5270F10082BC8B /* SceneDelegate.swift */; };
		2E9F85D72A5270F10082BC8B /* ViewController.swift in Sources */ = {isa = PBXBuildFile; fileRef = 2E9F85D62A5270F10082BC8B /* ViewController.swift */; };
		2E9F85DC2A5270F20082BC8B /* Assets.xcassets in Resources */ = {isa = PBXBuildFile; fileRef = 2E9F85DB2A5270F20082BC8B /* Assets.xcassets */; };
		2E9F85DF2A5270F20082BC8B /* LaunchScreen.storyboard in Resources */ = {isa = PBXBuildFile; fileRef = 2E9F85DD2A5270F20082BC8B /* LaunchScreen.storyboard */; };
		2EAF91C72A6E26C500AF3A8D /* MyPageVC.swift in Sources */ = {isa = PBXBuildFile; fileRef = 2EAF91C62A6E26C500AF3A8D /* MyPageVC.swift */; };
		2EAF91CA2A6E45D900AF3A8D /* MyReview.storyboard in Resources */ = {isa = PBXBuildFile; fileRef = 2EAF91C92A6E45D900AF3A8D /* MyReview.storyboard */; };
		2EAF91CC2A6E461A00AF3A8D /* MyReviewVC.swift in Sources */ = {isa = PBXBuildFile; fileRef = 2EAF91CB2A6E461A00AF3A8D /* MyReviewVC.swift */; };
		2EB0206E2A6E53C30022AC17 /* MyLiquorVC.swift in Sources */ = {isa = PBXBuildFile; fileRef = 2EB0206C2A6E53C30022AC17 /* MyLiquorVC.swift */; };
		2EB020712A6E53E30022AC17 /* MyLiquor.storyboard in Resources */ = {isa = PBXBuildFile; fileRef = 2EB020702A6E53E30022AC17 /* MyLiquor.storyboard */; };
		2ED3C6A92A600C5A00C0836E /* FilterVC.swift in Sources */ = {isa = PBXBuildFile; fileRef = 2ED3C6A82A600C5A00C0836E /* FilterVC.swift */; };
		2ED3C6AB2A613F3C00C0836E /* Filter.storyboard in Resources */ = {isa = PBXBuildFile; fileRef = 2ED3C6AA2A613F3C00C0836E /* Filter.storyboard */; };
		2ED3C6BC2A68419D00C0836E /* Detail.storyboard in Resources */ = {isa = PBXBuildFile; fileRef = 2ED3C6B82A68419D00C0836E /* Detail.storyboard */; };
		2ED3C6BD2A68419D00C0836E /* ReviewPreviewCell.swift in Sources */ = {isa = PBXBuildFile; fileRef = 2ED3C6B92A68419D00C0836E /* ReviewPreviewCell.swift */; };
		2ED3C6BE2A68419D00C0836E /* ReviewPreviewCell.xib in Resources */ = {isa = PBXBuildFile; fileRef = 2ED3C6BA2A68419D00C0836E /* ReviewPreviewCell.xib */; };
		2ED3C6BF2A68419D00C0836E /* DetailVC.swift in Sources */ = {isa = PBXBuildFile; fileRef = 2ED3C6BB2A68419D00C0836E /* DetailVC.swift */; };
		2ED7A1882A5E76A3009CC66A /* Pretendard-ExtraBold.otf in Resources */ = {isa = PBXBuildFile; fileRef = 2ED7A17F2A5E76A3009CC66A /* Pretendard-ExtraBold.otf */; };
		2ED7A1892A5E76A3009CC66A /* Pretendard-Black.otf in Resources */ = {isa = PBXBuildFile; fileRef = 2ED7A1802A5E76A3009CC66A /* Pretendard-Black.otf */; };
		2ED7A18A2A5E76A3009CC66A /* Pretendard-Regular.otf in Resources */ = {isa = PBXBuildFile; fileRef = 2ED7A1812A5E76A3009CC66A /* Pretendard-Regular.otf */; };
		2ED7A18B2A5E76A3009CC66A /* Pretendard-Thin.otf in Resources */ = {isa = PBXBuildFile; fileRef = 2ED7A1822A5E76A3009CC66A /* Pretendard-Thin.otf */; };
		2ED7A18C2A5E76A3009CC66A /* Pretendard-Light.otf in Resources */ = {isa = PBXBuildFile; fileRef = 2ED7A1832A5E76A3009CC66A /* Pretendard-Light.otf */; };
		2ED7A18D2A5E76A3009CC66A /* Pretendard-ExtraLight.otf in Resources */ = {isa = PBXBuildFile; fileRef = 2ED7A1842A5E76A3009CC66A /* Pretendard-ExtraLight.otf */; };
		2ED7A18E2A5E76A3009CC66A /* Pretendard-Bold.otf in Resources */ = {isa = PBXBuildFile; fileRef = 2ED7A1852A5E76A3009CC66A /* Pretendard-Bold.otf */; };
		2ED7A18F2A5E76A3009CC66A /* Pretendard-SemiBold.otf in Resources */ = {isa = PBXBuildFile; fileRef = 2ED7A1862A5E76A3009CC66A /* Pretendard-SemiBold.otf */; };
		2ED7A1902A5E76A3009CC66A /* Pretendard-Medium.otf in Resources */ = {isa = PBXBuildFile; fileRef = 2ED7A1872A5E76A3009CC66A /* Pretendard-Medium.otf */; };
		2ED7A1932A5E7D85009CC66A /* OoohBaby-Regular.ttf in Resources */ = {isa = PBXBuildFile; fileRef = 2ED7A1922A5E7D85009CC66A /* OoohBaby-Regular.ttf */; };
		2ED7A1992A5E9BE2009CC66A /* SearchVC.swift in Sources */ = {isa = PBXBuildFile; fileRef = 2ED7A1982A5E9BE2009CC66A /* SearchVC.swift */; };
		2ED7A19B2A5E9E67009CC66A /* UIView.swift in Sources */ = {isa = PBXBuildFile; fileRef = 2ED7A19A2A5E9E67009CC66A /* UIView.swift */; };
		CF96CD6F49E151AD33D2DCA8 /* Pods_Beering.framework in Frameworks */ = {isa = PBXBuildFile; fileRef = 045DA4A813987AF870E47FF4 /* Pods_Beering.framework */; };
/* End PBXBuildFile section */

/* Begin PBXFileReference section */
		045DA4A813987AF870E47FF4 /* Pods_Beering.framework */ = {isa = PBXFileReference; explicitFileType = wrapper.framework; includeInIndex = 0; path = Pods_Beering.framework; sourceTree = BUILT_PRODUCTS_DIR; };
		2E1D582D2A53ECFD00C1FE9B /* UIViewController.swift */ = {isa = PBXFileReference; lastKnownFileType = sourcecode.swift; path = UIViewController.swift; sourceTree = "<group>"; };
		2E1D58332A53F83000C1FE9B /* Main.storyboard */ = {isa = PBXFileReference; lastKnownFileType = file.storyboard; path = Main.storyboard; sourceTree = "<group>"; };
		2E1D583C2A53FB0D00C1FE9B /* Login.storyboard */ = {isa = PBXFileReference; lastKnownFileType = file.storyboard; path = Login.storyboard; sourceTree = "<group>"; };
		2E1D583E2A53FB2200C1FE9B /* LoginVC.swift */ = {isa = PBXFileReference; lastKnownFileType = sourcecode.swift; path = LoginVC.swift; sourceTree = "<group>"; };
		2E309DB12A55081600B19B2A /* HomeVC.swift */ = {isa = PBXFileReference; lastKnownFileType = sourcecode.swift; path = HomeVC.swift; sourceTree = "<group>"; };
		2E309DB92A550BCB00B19B2A /* TabBar.storyboard */ = {isa = PBXFileReference; lastKnownFileType = file.storyboard; path = TabBar.storyboard; sourceTree = "<group>"; };
		2E309DBB2A550C3E00B19B2A /* Search.storyboard */ = {isa = PBXFileReference; fileEncoding = 4; lastKnownFileType = file.storyboard; path = Search.storyboard; sourceTree = "<group>"; };
		2E309DBD2A550C5A00B19B2A /* MyPage.storyboard */ = {isa = PBXFileReference; fileEncoding = 4; lastKnownFileType = file.storyboard; path = MyPage.storyboard; sourceTree = "<group>"; };
		2E309DBF2A550D0D00B19B2A /* Home.storyboard */ = {isa = PBXFileReference; fileEncoding = 4; lastKnownFileType = file.storyboard; path = Home.storyboard; sourceTree = "<group>"; };
		2E309DC62A55131F00B19B2A /* ReviewCell.swift */ = {isa = PBXFileReference; lastKnownFileType = sourcecode.swift; path = ReviewCell.swift; sourceTree = "<group>"; };
		2E309DC72A55131F00B19B2A /* ReviewCell.xib */ = {isa = PBXFileReference; lastKnownFileType = file.xib; path = ReviewCell.xib; sourceTree = "<group>"; };
		2E309DCE2A55425000B19B2A /* UIImageView.swift */ = {isa = PBXFileReference; lastKnownFileType = sourcecode.swift; path = UIImageView.swift; sourceTree = "<group>"; };
		2E309DD02A554C3600B19B2A /* UILabel.swift */ = {isa = PBXFileReference; lastKnownFileType = sourcecode.swift; path = UILabel.swift; sourceTree = "<group>"; };
		2E309DD82A55558700B19B2A /* ReviewImageCell.swift */ = {isa = PBXFileReference; lastKnownFileType = sourcecode.swift; path = ReviewImageCell.swift; sourceTree = "<group>"; };
		2E309DD92A55558700B19B2A /* ReviewImageCell.xib */ = {isa = PBXFileReference; lastKnownFileType = file.xib; path = ReviewImageCell.xib; sourceTree = "<group>"; };
		2E80BE812A5F0A09002E8F0E /* FilterCell.swift */ = {isa = PBXFileReference; lastKnownFileType = sourcecode.swift; path = FilterCell.swift; sourceTree = "<group>"; };
		2E80BE822A5F0A09002E8F0E /* FilterCell.xib */ = {isa = PBXFileReference; lastKnownFileType = file.xib; path = FilterCell.xib; sourceTree = "<group>"; };
		2E80BE852A5F9D97002E8F0E /* SearchCell.swift */ = {isa = PBXFileReference; lastKnownFileType = sourcecode.swift; path = SearchCell.swift; sourceTree = "<group>"; };
		2E80BE862A5F9D97002E8F0E /* SearchCell.xib */ = {isa = PBXFileReference; lastKnownFileType = file.xib; path = SearchCell.xib; sourceTree = "<group>"; };
		2E9F85CF2A5270F10082BC8B /* Beering.app */ = {isa = PBXFileReference; explicitFileType = wrapper.application; includeInIndex = 0; path = Beering.app; sourceTree = BUILT_PRODUCTS_DIR; };
		2E9F85D22A5270F10082BC8B /* AppDelegate.swift */ = {isa = PBXFileReference; lastKnownFileType = sourcecode.swift; path = AppDelegate.swift; sourceTree = "<group>"; };
		2E9F85D42A5270F10082BC8B /* SceneDelegate.swift */ = {isa = PBXFileReference; lastKnownFileType = sourcecode.swift; path = SceneDelegate.swift; sourceTree = "<group>"; };
		2E9F85D62A5270F10082BC8B /* ViewController.swift */ = {isa = PBXFileReference; lastKnownFileType = sourcecode.swift; path = ViewController.swift; sourceTree = "<group>"; };
		2E9F85DB2A5270F20082BC8B /* Assets.xcassets */ = {isa = PBXFileReference; lastKnownFileType = folder.assetcatalog; path = Assets.xcassets; sourceTree = "<group>"; };
		2E9F85DE2A5270F20082BC8B /* Base */ = {isa = PBXFileReference; lastKnownFileType = file.storyboard; name = Base; path = Base.lproj/LaunchScreen.storyboard; sourceTree = "<group>"; };
		2E9F85E02A5270F20082BC8B /* Info.plist */ = {isa = PBXFileReference; lastKnownFileType = text.plist.xml; path = Info.plist; sourceTree = "<group>"; };
		2EAF91C62A6E26C500AF3A8D /* MyPageVC.swift */ = {isa = PBXFileReference; lastKnownFileType = sourcecode.swift; path = MyPageVC.swift; sourceTree = "<group>"; };
		2EAF91C92A6E45D900AF3A8D /* MyReview.storyboard */ = {isa = PBXFileReference; lastKnownFileType = file.storyboard; path = MyReview.storyboard; sourceTree = "<group>"; };
		2EAF91CB2A6E461A00AF3A8D /* MyReviewVC.swift */ = {isa = PBXFileReference; lastKnownFileType = sourcecode.swift; path = MyReviewVC.swift; sourceTree = "<group>"; };
		2EB0206C2A6E53C30022AC17 /* MyLiquorVC.swift */ = {isa = PBXFileReference; lastKnownFileType = sourcecode.swift; path = MyLiquorVC.swift; sourceTree = "<group>"; };
		2EB020702A6E53E30022AC17 /* MyLiquor.storyboard */ = {isa = PBXFileReference; lastKnownFileType = file.storyboard; path = MyLiquor.storyboard; sourceTree = "<group>"; };
		2ED3C6A82A600C5A00C0836E /* FilterVC.swift */ = {isa = PBXFileReference; lastKnownFileType = sourcecode.swift; path = FilterVC.swift; sourceTree = "<group>"; };
		2ED3C6AA2A613F3C00C0836E /* Filter.storyboard */ = {isa = PBXFileReference; lastKnownFileType = file.storyboard; path = Filter.storyboard; sourceTree = "<group>"; };
		2ED3C6B82A68419D00C0836E /* Detail.storyboard */ = {isa = PBXFileReference; fileEncoding = 4; lastKnownFileType = file.storyboard; path = Detail.storyboard; sourceTree = "<group>"; };
		2ED3C6B92A68419D00C0836E /* ReviewPreviewCell.swift */ = {isa = PBXFileReference; fileEncoding = 4; lastKnownFileType = sourcecode.swift; path = ReviewPreviewCell.swift; sourceTree = "<group>"; };
		2ED3C6BA2A68419D00C0836E /* ReviewPreviewCell.xib */ = {isa = PBXFileReference; fileEncoding = 4; lastKnownFileType = file.xib; path = ReviewPreviewCell.xib; sourceTree = "<group>"; };
		2ED3C6BB2A68419D00C0836E /* DetailVC.swift */ = {isa = PBXFileReference; fileEncoding = 4; lastKnownFileType = sourcecode.swift; path = DetailVC.swift; sourceTree = "<group>"; };
		2ED7A17F2A5E76A3009CC66A /* Pretendard-ExtraBold.otf */ = {isa = PBXFileReference; lastKnownFileType = file; path = "Pretendard-ExtraBold.otf"; sourceTree = "<group>"; };
		2ED7A1802A5E76A3009CC66A /* Pretendard-Black.otf */ = {isa = PBXFileReference; lastKnownFileType = file; path = "Pretendard-Black.otf"; sourceTree = "<group>"; };
		2ED7A1812A5E76A3009CC66A /* Pretendard-Regular.otf */ = {isa = PBXFileReference; lastKnownFileType = file; path = "Pretendard-Regular.otf"; sourceTree = "<group>"; };
		2ED7A1822A5E76A3009CC66A /* Pretendard-Thin.otf */ = {isa = PBXFileReference; lastKnownFileType = file; path = "Pretendard-Thin.otf"; sourceTree = "<group>"; };
		2ED7A1832A5E76A3009CC66A /* Pretendard-Light.otf */ = {isa = PBXFileReference; lastKnownFileType = file; path = "Pretendard-Light.otf"; sourceTree = "<group>"; };
		2ED7A1842A5E76A3009CC66A /* Pretendard-ExtraLight.otf */ = {isa = PBXFileReference; lastKnownFileType = file; path = "Pretendard-ExtraLight.otf"; sourceTree = "<group>"; };
		2ED7A1852A5E76A3009CC66A /* Pretendard-Bold.otf */ = {isa = PBXFileReference; lastKnownFileType = file; path = "Pretendard-Bold.otf"; sourceTree = "<group>"; };
		2ED7A1862A5E76A3009CC66A /* Pretendard-SemiBold.otf */ = {isa = PBXFileReference; lastKnownFileType = file; path = "Pretendard-SemiBold.otf"; sourceTree = "<group>"; };
		2ED7A1872A5E76A3009CC66A /* Pretendard-Medium.otf */ = {isa = PBXFileReference; lastKnownFileType = file; path = "Pretendard-Medium.otf"; sourceTree = "<group>"; };
		2ED7A1922A5E7D85009CC66A /* OoohBaby-Regular.ttf */ = {isa = PBXFileReference; lastKnownFileType = file; path = "OoohBaby-Regular.ttf"; sourceTree = "<group>"; };
		2ED7A1982A5E9BE2009CC66A /* SearchVC.swift */ = {isa = PBXFileReference; lastKnownFileType = sourcecode.swift; path = SearchVC.swift; sourceTree = "<group>"; };
		2ED7A19A2A5E9E67009CC66A /* UIView.swift */ = {isa = PBXFileReference; lastKnownFileType = sourcecode.swift; path = UIView.swift; sourceTree = "<group>"; };
		7D62E9E04607F08D67C59DDA /* Pods-Beering.release.xcconfig */ = {isa = PBXFileReference; includeInIndex = 1; lastKnownFileType = text.xcconfig; name = "Pods-Beering.release.xcconfig"; path = "Target Support Files/Pods-Beering/Pods-Beering.release.xcconfig"; sourceTree = "<group>"; };
		D6F412E016012A6E28AC04C7 /* Pods-Beering.debug.xcconfig */ = {isa = PBXFileReference; includeInIndex = 1; lastKnownFileType = text.xcconfig; name = "Pods-Beering.debug.xcconfig"; path = "Target Support Files/Pods-Beering/Pods-Beering.debug.xcconfig"; sourceTree = "<group>"; };
/* End PBXFileReference section */

/* Begin PBXFrameworksBuildPhase section */
		2E9F85CC2A5270F10082BC8B /* Frameworks */ = {
			isa = PBXFrameworksBuildPhase;
			buildActionMask = 2147483647;
			files = (
				CF96CD6F49E151AD33D2DCA8 /* Pods_Beering.framework in Frameworks */,
			);
			runOnlyForDeploymentPostprocessing = 0;
		};
/* End PBXFrameworksBuildPhase section */

/* Begin PBXGroup section */
		070BF86C7822018D5D4FD26E /* Pods */ = {
			isa = PBXGroup;
			children = (
				D6F412E016012A6E28AC04C7 /* Pods-Beering.debug.xcconfig */,
				7D62E9E04607F08D67C59DDA /* Pods-Beering.release.xcconfig */,
			);
			path = Pods;
			sourceTree = "<group>";
		};
		2E1D582C2A53EC7300C1FE9B /* Extension */ = {
			isa = PBXGroup;
			children = (
				2E1D582D2A53ECFD00C1FE9B /* UIViewController.swift */,
				2E309DD02A554C3600B19B2A /* UILabel.swift */,
				2E309DCE2A55425000B19B2A /* UIImageView.swift */,
				2ED7A19A2A5E9E67009CC66A /* UIView.swift */,
			);
			path = Extension;
			sourceTree = "<group>";
		};
		2E309DC32A550FE400B19B2A /* Home */ = {
			isa = PBXGroup;
			children = (
				2E309DB12A55081600B19B2A /* HomeVC.swift */,
				2E309DBF2A550D0D00B19B2A /* Home.storyboard */,
				2E309DC62A55131F00B19B2A /* ReviewCell.swift */,
				2E309DC72A55131F00B19B2A /* ReviewCell.xib */,
				2E309DD82A55558700B19B2A /* ReviewImageCell.swift */,
				2E309DD92A55558700B19B2A /* ReviewImageCell.xib */,
			);
			path = Home;
			sourceTree = "<group>";
		};
		2E9F85C62A5270F10082BC8B = {
			isa = PBXGroup;
			children = (
				2E9F85D12A5270F10082BC8B /* Beering */,
				2E9F85D02A5270F10082BC8B /* Products */,
				070BF86C7822018D5D4FD26E /* Pods */,
				D0580859C666F16728463A04 /* Frameworks */,
			);
			sourceTree = "<group>";
		};
		2E9F85D02A5270F10082BC8B /* Products */ = {
			isa = PBXGroup;
			children = (
				2E9F85CF2A5270F10082BC8B /* Beering.app */,
			);
			name = Products;
			sourceTree = "<group>";
		};
		2E9F85D12A5270F10082BC8B /* Beering */ = {
			isa = PBXGroup;
			children = (
				2ED7A17C2A5E767A009CC66A /* Resources */,
				2ED7A1752A5BA6E2009CC66A /* Account */,
				2E309DC32A550FE400B19B2A /* Home */,
				2ED7A1722A57B777009CC66A /* Search */,
				2ED7A1772A5BA76E009CC66A /* MyPage */,
				2E1D582C2A53EC7300C1FE9B /* Extension */,
				2E9F85D22A5270F10082BC8B /* AppDelegate.swift */,
				2E9F85D42A5270F10082BC8B /* SceneDelegate.swift */,
				2E9F85D62A5270F10082BC8B /* ViewController.swift */,
				2E9F85DB2A5270F20082BC8B /* Assets.xcassets */,
				2E309DB92A550BCB00B19B2A /* TabBar.storyboard */,
				2E9F85DD2A5270F20082BC8B /* LaunchScreen.storyboard */,
				2E9F85E02A5270F20082BC8B /* Info.plist */,
				2E1D58332A53F83000C1FE9B /* Main.storyboard */,
			);
			path = Beering;
			sourceTree = "<group>";
		};
		2EAF91C82A6E43D700AF3A8D /* MyReview */ = {
			isa = PBXGroup;
			children = (
				2EAF91C92A6E45D900AF3A8D /* MyReview.storyboard */,
				2EAF91CB2A6E461A00AF3A8D /* MyReviewVC.swift */,
			);
			path = MyReview;
			sourceTree = "<group>";
		};
		2EB0206A2A6E53880022AC17 /* MyLiquor */ = {
			isa = PBXGroup;
			children = (
				2EB020702A6E53E30022AC17 /* MyLiquor.storyboard */,
				2EB0206C2A6E53C30022AC17 /* MyLiquorVC.swift */,
			);
			path = MyLiquor;
			sourceTree = "<group>";
		};
		2ED3C6A52A600B7600C0836E /* Filter */ = {
			isa = PBXGroup;
			children = (
				2ED3C6A82A600C5A00C0836E /* FilterVC.swift */,
				2ED3C6AA2A613F3C00C0836E /* Filter.storyboard */,
			);
			path = Filter;
			sourceTree = "<group>";
		};
		2ED3C6AF2A66344D00C0836E /* Detail */ = {
			isa = PBXGroup;
			children = (
				2ED3C6B82A68419D00C0836E /* Detail.storyboard */,
				2ED3C6BB2A68419D00C0836E /* DetailVC.swift */,
				2ED3C6B92A68419D00C0836E /* ReviewPreviewCell.swift */,
				2ED3C6BA2A68419D00C0836E /* ReviewPreviewCell.xib */,
			);
			path = Detail;
			sourceTree = "<group>";
		};
		2ED7A1722A57B777009CC66A /* Search */ = {
			isa = PBXGroup;
			children = (
				2ED3C6AF2A66344D00C0836E /* Detail */,
				2ED3C6A52A600B7600C0836E /* Filter */,
				2E309DBB2A550C3E00B19B2A /* Search.storyboard */,
				2ED7A1982A5E9BE2009CC66A /* SearchVC.swift */,
				2E80BE822A5F0A09002E8F0E /* FilterCell.xib */,
				2E80BE812A5F0A09002E8F0E /* FilterCell.swift */,
				2E80BE862A5F9D97002E8F0E /* SearchCell.xib */,
				2E80BE852A5F9D97002E8F0E /* SearchCell.swift */,
			);
			path = Search;
			sourceTree = "<group>";
		};
		2ED7A1752A5BA6E2009CC66A /* Account */ = {
			isa = PBXGroup;
			children = (
				2ED7A1762A5BA747009CC66A /* Login */,
			);
			path = Account;
			sourceTree = "<group>";
		};
		2ED7A1762A5BA747009CC66A /* Login */ = {
			isa = PBXGroup;
			children = (
				2E1D583E2A53FB2200C1FE9B /* LoginVC.swift */,
				2E1D583C2A53FB0D00C1FE9B /* Login.storyboard */,
			);
			path = Login;
			sourceTree = "<group>";
		};
		2ED7A1772A5BA76E009CC66A /* MyPage */ = {
			isa = PBXGroup;
			children = (
				2EB0206A2A6E53880022AC17 /* MyLiquor */,
				2EAF91C82A6E43D700AF3A8D /* MyReview */,
				2E309DBD2A550C5A00B19B2A /* MyPage.storyboard */,
				2EAF91C62A6E26C500AF3A8D /* MyPageVC.swift */,
			);
			path = MyPage;
			sourceTree = "<group>";
		};
		2ED7A17C2A5E767A009CC66A /* Resources */ = {
			isa = PBXGroup;
			children = (
				2ED7A17D2A5E7685009CC66A /* Fonts */,
			);
			path = Resources;
			sourceTree = "<group>";
		};
		2ED7A17D2A5E7685009CC66A /* Fonts */ = {
			isa = PBXGroup;
			children = (
				2ED7A1912A5E7D79009CC66A /* OoohBaby */,
				2ED7A17E2A5E768A009CC66A /* Pretendard */,
			);
			path = Fonts;
			sourceTree = "<group>";
		};
		2ED7A17E2A5E768A009CC66A /* Pretendard */ = {
			isa = PBXGroup;
			children = (
				2ED7A1802A5E76A3009CC66A /* Pretendard-Black.otf */,
				2ED7A1852A5E76A3009CC66A /* Pretendard-Bold.otf */,
				2ED7A17F2A5E76A3009CC66A /* Pretendard-ExtraBold.otf */,
				2ED7A1842A5E76A3009CC66A /* Pretendard-ExtraLight.otf */,
				2ED7A1832A5E76A3009CC66A /* Pretendard-Light.otf */,
				2ED7A1872A5E76A3009CC66A /* Pretendard-Medium.otf */,
				2ED7A1812A5E76A3009CC66A /* Pretendard-Regular.otf */,
				2ED7A1862A5E76A3009CC66A /* Pretendard-SemiBold.otf */,
				2ED7A1822A5E76A3009CC66A /* Pretendard-Thin.otf */,
			);
			path = Pretendard;
			sourceTree = "<group>";
		};
		2ED7A1912A5E7D79009CC66A /* OoohBaby */ = {
			isa = PBXGroup;
			children = (
				2ED7A1922A5E7D85009CC66A /* OoohBaby-Regular.ttf */,
			);
			path = OoohBaby;
			sourceTree = "<group>";
		};
		D0580859C666F16728463A04 /* Frameworks */ = {
			isa = PBXGroup;
			children = (
				045DA4A813987AF870E47FF4 /* Pods_Beering.framework */,
			);
			name = Frameworks;
			sourceTree = "<group>";
		};
/* End PBXGroup section */

/* Begin PBXNativeTarget section */
		2E9F85CE2A5270F10082BC8B /* Beering */ = {
			isa = PBXNativeTarget;
			buildConfigurationList = 2E9F85E32A5270F20082BC8B /* Build configuration list for PBXNativeTarget "Beering" */;
			buildPhases = (
				3D4BB81F81DE04B46FF0E9D6 /* [CP] Check Pods Manifest.lock */,
				2E9F85CB2A5270F10082BC8B /* Sources */,
				2E9F85CC2A5270F10082BC8B /* Frameworks */,
				2E9F85CD2A5270F10082BC8B /* Resources */,
				2877D68B01550D5DB4ADA512 /* [CP] Embed Pods Frameworks */,
			);
			buildRules = (
			);
			dependencies = (
			);
			name = Beering;
			productName = Beering;
			productReference = 2E9F85CF2A5270F10082BC8B /* Beering.app */;
			productType = "com.apple.product-type.application";
		};
/* End PBXNativeTarget section */

/* Begin PBXProject section */
		2E9F85C72A5270F10082BC8B /* Project object */ = {
			isa = PBXProject;
			attributes = {
				BuildIndependentTargetsInParallel = 1;
				LastSwiftUpdateCheck = 1430;
				LastUpgradeCheck = 1430;
				TargetAttributes = {
					2E9F85CE2A5270F10082BC8B = {
						CreatedOnToolsVersion = 14.3;
					};
				};
			};
			buildConfigurationList = 2E9F85CA2A5270F10082BC8B /* Build configuration list for PBXProject "Beering" */;
			compatibilityVersion = "Xcode 14.0";
			developmentRegion = en;
			hasScannedForEncodings = 0;
			knownRegions = (
				en,
				Base,
			);
			mainGroup = 2E9F85C62A5270F10082BC8B;
			productRefGroup = 2E9F85D02A5270F10082BC8B /* Products */;
			projectDirPath = "";
			projectRoot = "";
			targets = (
				2E9F85CE2A5270F10082BC8B /* Beering */,
			);
		};
/* End PBXProject section */

/* Begin PBXResourcesBuildPhase section */
		2E9F85CD2A5270F10082BC8B /* Resources */ = {
			isa = PBXResourcesBuildPhase;
			buildActionMask = 2147483647;
			files = (
				2E1D583D2A53FB0D00C1FE9B /* Login.storyboard in Resources */,
				2E1D58342A53F83000C1FE9B /* Main.storyboard in Resources */,
				2ED7A18D2A5E76A3009CC66A /* Pretendard-ExtraLight.otf in Resources */,
				2E309DC92A55131F00B19B2A /* ReviewCell.xib in Resources */,
				2E309DDB2A55558700B19B2A /* ReviewImageCell.xib in Resources */,
				2ED7A18A2A5E76A3009CC66A /* Pretendard-Regular.otf in Resources */,
				2E80BE842A5F0A09002E8F0E /* FilterCell.xib in Resources */,
				2EB020712A6E53E30022AC17 /* MyLiquor.storyboard in Resources */,
				2E309DBE2A550C5A00B19B2A /* MyPage.storyboard in Resources */,
				2E9F85DF2A5270F20082BC8B /* LaunchScreen.storyboard in Resources */,
				2ED7A18E2A5E76A3009CC66A /* Pretendard-Bold.otf in Resources */,
				2ED7A1882A5E76A3009CC66A /* Pretendard-ExtraBold.otf in Resources */,
				2ED3C6BC2A68419D00C0836E /* Detail.storyboard in Resources */,
				2ED7A1932A5E7D85009CC66A /* OoohBaby-Regular.ttf in Resources */,
				2ED7A1902A5E76A3009CC66A /* Pretendard-Medium.otf in Resources */,
				2ED3C6BE2A68419D00C0836E /* ReviewPreviewCell.xib in Resources */,
				2ED7A18C2A5E76A3009CC66A /* Pretendard-Light.otf in Resources */,
				2EAF91CA2A6E45D900AF3A8D /* MyReview.storyboard in Resources */,
				2E309DBC2A550C3E00B19B2A /* Search.storyboard in Resources */,
				2ED7A18B2A5E76A3009CC66A /* Pretendard-Thin.otf in Resources */,
				2E309DBA2A550BCB00B19B2A /* TabBar.storyboard in Resources */,
				2E9F85DC2A5270F20082BC8B /* Assets.xcassets in Resources */,
				2ED3C6AB2A613F3C00C0836E /* Filter.storyboard in Resources */,
				2ED7A18F2A5E76A3009CC66A /* Pretendard-SemiBold.otf in Resources */,
				2E80BE882A5F9D97002E8F0E /* SearchCell.xib in Resources */,
				2ED7A1892A5E76A3009CC66A /* Pretendard-Black.otf in Resources */,
				2E309DC02A550D0D00B19B2A /* Home.storyboard in Resources */,
			);
			runOnlyForDeploymentPostprocessing = 0;
		};
/* End PBXResourcesBuildPhase section */

/* Begin PBXShellScriptBuildPhase section */
		2877D68B01550D5DB4ADA512 /* [CP] Embed Pods Frameworks */ = {
			isa = PBXShellScriptBuildPhase;
			buildActionMask = 2147483647;
			files = (
			);
			inputFileListPaths = (
				"${PODS_ROOT}/Target Support Files/Pods-Beering/Pods-Beering-frameworks-${CONFIGURATION}-input-files.xcfilelist",
			);
			name = "[CP] Embed Pods Frameworks";
			outputFileListPaths = (
				"${PODS_ROOT}/Target Support Files/Pods-Beering/Pods-Beering-frameworks-${CONFIGURATION}-output-files.xcfilelist",
			);
			runOnlyForDeploymentPostprocessing = 0;
			shellPath = /bin/sh;
			shellScript = "\"${PODS_ROOT}/Target Support Files/Pods-Beering/Pods-Beering-frameworks.sh\"\n";
			showEnvVarsInLog = 0;
		};
		3D4BB81F81DE04B46FF0E9D6 /* [CP] Check Pods Manifest.lock */ = {
			isa = PBXShellScriptBuildPhase;
			buildActionMask = 2147483647;
			files = (
			);
			inputFileListPaths = (
			);
			inputPaths = (
				"${PODS_PODFILE_DIR_PATH}/Podfile.lock",
				"${PODS_ROOT}/Manifest.lock",
			);
			name = "[CP] Check Pods Manifest.lock";
			outputFileListPaths = (
			);
			outputPaths = (
				"$(DERIVED_FILE_DIR)/Pods-Beering-checkManifestLockResult.txt",
			);
			runOnlyForDeploymentPostprocessing = 0;
			shellPath = /bin/sh;
			shellScript = "diff \"${PODS_PODFILE_DIR_PATH}/Podfile.lock\" \"${PODS_ROOT}/Manifest.lock\" > /dev/null\nif [ $? != 0 ] ; then\n    # print error to STDERR\n    echo \"error: The sandbox is not in sync with the Podfile.lock. Run 'pod install' or update your CocoaPods installation.\" >&2\n    exit 1\nfi\n# This output is used by Xcode 'outputs' to avoid re-running this script phase.\necho \"SUCCESS\" > \"${SCRIPT_OUTPUT_FILE_0}\"\n";
			showEnvVarsInLog = 0;
		};
/* End PBXShellScriptBuildPhase section */

/* Begin PBXSourcesBuildPhase section */
		2E9F85CB2A5270F10082BC8B /* Sources */ = {
			isa = PBXSourcesBuildPhase;
			buildActionMask = 2147483647;
			files = (
				2ED3C6A92A600C5A00C0836E /* FilterVC.swift in Sources */,
				2ED7A19B2A5E9E67009CC66A /* UIView.swift in Sources */,
				2EB0206E2A6E53C30022AC17 /* MyLiquorVC.swift in Sources */,
				2ED7A1992A5E9BE2009CC66A /* SearchVC.swift in Sources */,
				2E309DD12A554C3600B19B2A /* UILabel.swift in Sources */,
				2ED3C6BF2A68419D00C0836E /* DetailVC.swift in Sources */,
				2E80BE872A5F9D97002E8F0E /* SearchCell.swift in Sources */,
				2E9F85D72A5270F10082BC8B /* ViewController.swift in Sources */,
				2EAF91CC2A6E461A00AF3A8D /* MyReviewVC.swift in Sources */,
				2ED3C6BD2A68419D00C0836E /* ReviewPreviewCell.swift in Sources */,
				2E309DCF2A55425000B19B2A /* UIImageView.swift in Sources */,
				2E80BE832A5F0A09002E8F0E /* FilterCell.swift in Sources */,
				2E9F85D32A5270F10082BC8B /* AppDelegate.swift in Sources */,
				2E1D582E2A53ECFD00C1FE9B /* UIViewController.swift in Sources */,
				2E309DB22A55081600B19B2A /* HomeVC.swift in Sources */,
				2EAF91C72A6E26C500AF3A8D /* MyPageVC.swift in Sources */,
				2E9F85D52A5270F10082BC8B /* SceneDelegate.swift in Sources */,
				2E1D583F2A53FB2200C1FE9B /* LoginVC.swift in Sources */,
				2E309DC82A55131F00B19B2A /* ReviewCell.swift in Sources */,
				2E309DDA2A55558700B19B2A /* ReviewImageCell.swift in Sources */,
			);
			runOnlyForDeploymentPostprocessing = 0;
		};
/* End PBXSourcesBuildPhase section */

/* Begin PBXVariantGroup section */
		2E9F85DD2A5270F20082BC8B /* LaunchScreen.storyboard */ = {
			isa = PBXVariantGroup;
			children = (
				2E9F85DE2A5270F20082BC8B /* Base */,
			);
			name = LaunchScreen.storyboard;
			sourceTree = "<group>";
		};
/* End PBXVariantGroup section */

/* Begin XCBuildConfiguration section */
		2E9F85E12A5270F20082BC8B /* Debug */ = {
			isa = XCBuildConfiguration;
			buildSettings = {
				ALWAYS_SEARCH_USER_PATHS = NO;
				CLANG_ANALYZER_NONNULL = YES;
				CLANG_ANALYZER_NUMBER_OBJECT_CONVERSION = YES_AGGRESSIVE;
				CLANG_CXX_LANGUAGE_STANDARD = "gnu++20";
				CLANG_ENABLE_MODULES = YES;
				CLANG_ENABLE_OBJC_ARC = YES;
				CLANG_ENABLE_OBJC_WEAK = YES;
				CLANG_WARN_BLOCK_CAPTURE_AUTORELEASING = YES;
				CLANG_WARN_BOOL_CONVERSION = YES;
				CLANG_WARN_COMMA = YES;
				CLANG_WARN_CONSTANT_CONVERSION = YES;
				CLANG_WARN_DEPRECATED_OBJC_IMPLEMENTATIONS = YES;
				CLANG_WARN_DIRECT_OBJC_ISA_USAGE = YES_ERROR;
				CLANG_WARN_DOCUMENTATION_COMMENTS = YES;
				CLANG_WARN_EMPTY_BODY = YES;
				CLANG_WARN_ENUM_CONVERSION = YES;
				CLANG_WARN_INFINITE_RECURSION = YES;
				CLANG_WARN_INT_CONVERSION = YES;
				CLANG_WARN_NON_LITERAL_NULL_CONVERSION = YES;
				CLANG_WARN_OBJC_IMPLICIT_RETAIN_SELF = YES;
				CLANG_WARN_OBJC_LITERAL_CONVERSION = YES;
				CLANG_WARN_OBJC_ROOT_CLASS = YES_ERROR;
				CLANG_WARN_QUOTED_INCLUDE_IN_FRAMEWORK_HEADER = YES;
				CLANG_WARN_RANGE_LOOP_ANALYSIS = YES;
				CLANG_WARN_STRICT_PROTOTYPES = YES;
				CLANG_WARN_SUSPICIOUS_MOVE = YES;
				CLANG_WARN_UNGUARDED_AVAILABILITY = YES_AGGRESSIVE;
				CLANG_WARN_UNREACHABLE_CODE = YES;
				CLANG_WARN__DUPLICATE_METHOD_MATCH = YES;
				COPY_PHASE_STRIP = NO;
				DEBUG_INFORMATION_FORMAT = dwarf;
				ENABLE_STRICT_OBJC_MSGSEND = YES;
				ENABLE_TESTABILITY = YES;
				GCC_C_LANGUAGE_STANDARD = gnu11;
				GCC_DYNAMIC_NO_PIC = NO;
				GCC_NO_COMMON_BLOCKS = YES;
				GCC_OPTIMIZATION_LEVEL = 0;
				GCC_PREPROCESSOR_DEFINITIONS = (
					"DEBUG=1",
					"$(inherited)",
				);
				GCC_WARN_64_TO_32_BIT_CONVERSION = YES;
				GCC_WARN_ABOUT_RETURN_TYPE = YES_ERROR;
				GCC_WARN_UNDECLARED_SELECTOR = YES;
				GCC_WARN_UNINITIALIZED_AUTOS = YES_AGGRESSIVE;
				GCC_WARN_UNUSED_FUNCTION = YES;
				GCC_WARN_UNUSED_VARIABLE = YES;
				IPHONEOS_DEPLOYMENT_TARGET = 13.0;
				MTL_ENABLE_DEBUG_INFO = INCLUDE_SOURCE;
				MTL_FAST_MATH = YES;
				ONLY_ACTIVE_ARCH = YES;
				SDKROOT = iphoneos;
				SWIFT_ACTIVE_COMPILATION_CONDITIONS = DEBUG;
				SWIFT_OPTIMIZATION_LEVEL = "-Onone";
			};
			name = Debug;
		};
		2E9F85E22A5270F20082BC8B /* Release */ = {
			isa = XCBuildConfiguration;
			buildSettings = {
				ALWAYS_SEARCH_USER_PATHS = NO;
				CLANG_ANALYZER_NONNULL = YES;
				CLANG_ANALYZER_NUMBER_OBJECT_CONVERSION = YES_AGGRESSIVE;
				CLANG_CXX_LANGUAGE_STANDARD = "gnu++20";
				CLANG_ENABLE_MODULES = YES;
				CLANG_ENABLE_OBJC_ARC = YES;
				CLANG_ENABLE_OBJC_WEAK = YES;
				CLANG_WARN_BLOCK_CAPTURE_AUTORELEASING = YES;
				CLANG_WARN_BOOL_CONVERSION = YES;
				CLANG_WARN_COMMA = YES;
				CLANG_WARN_CONSTANT_CONVERSION = YES;
				CLANG_WARN_DEPRECATED_OBJC_IMPLEMENTATIONS = YES;
				CLANG_WARN_DIRECT_OBJC_ISA_USAGE = YES_ERROR;
				CLANG_WARN_DOCUMENTATION_COMMENTS = YES;
				CLANG_WARN_EMPTY_BODY = YES;
				CLANG_WARN_ENUM_CONVERSION = YES;
				CLANG_WARN_INFINITE_RECURSION = YES;
				CLANG_WARN_INT_CONVERSION = YES;
				CLANG_WARN_NON_LITERAL_NULL_CONVERSION = YES;
				CLANG_WARN_OBJC_IMPLICIT_RETAIN_SELF = YES;
				CLANG_WARN_OBJC_LITERAL_CONVERSION = YES;
				CLANG_WARN_OBJC_ROOT_CLASS = YES_ERROR;
				CLANG_WARN_QUOTED_INCLUDE_IN_FRAMEWORK_HEADER = YES;
				CLANG_WARN_RANGE_LOOP_ANALYSIS = YES;
				CLANG_WARN_STRICT_PROTOTYPES = YES;
				CLANG_WARN_SUSPICIOUS_MOVE = YES;
				CLANG_WARN_UNGUARDED_AVAILABILITY = YES_AGGRESSIVE;
				CLANG_WARN_UNREACHABLE_CODE = YES;
				CLANG_WARN__DUPLICATE_METHOD_MATCH = YES;
				COPY_PHASE_STRIP = NO;
				DEBUG_INFORMATION_FORMAT = "dwarf-with-dsym";
				ENABLE_NS_ASSERTIONS = NO;
				ENABLE_STRICT_OBJC_MSGSEND = YES;
				GCC_C_LANGUAGE_STANDARD = gnu11;
				GCC_NO_COMMON_BLOCKS = YES;
				GCC_WARN_64_TO_32_BIT_CONVERSION = YES;
				GCC_WARN_ABOUT_RETURN_TYPE = YES_ERROR;
				GCC_WARN_UNDECLARED_SELECTOR = YES;
				GCC_WARN_UNINITIALIZED_AUTOS = YES_AGGRESSIVE;
				GCC_WARN_UNUSED_FUNCTION = YES;
				GCC_WARN_UNUSED_VARIABLE = YES;
				IPHONEOS_DEPLOYMENT_TARGET = 13.0;
				MTL_ENABLE_DEBUG_INFO = NO;
				MTL_FAST_MATH = YES;
				SDKROOT = iphoneos;
				SWIFT_COMPILATION_MODE = wholemodule;
				SWIFT_OPTIMIZATION_LEVEL = "-O";
				VALIDATE_PRODUCT = YES;
			};
			name = Release;
		};
		2E9F85E42A5270F20082BC8B /* Debug */ = {
			isa = XCBuildConfiguration;
			baseConfigurationReference = D6F412E016012A6E28AC04C7 /* Pods-Beering.debug.xcconfig */;
			buildSettings = {
				ASSETCATALOG_COMPILER_APPICON_NAME = AppIcon;
				ASSETCATALOG_COMPILER_GLOBAL_ACCENT_COLOR_NAME = AccentColor;
				CODE_SIGN_STYLE = Automatic;
				CURRENT_PROJECT_VERSION = 1;
				DEVELOPMENT_TEAM = NJWZGJTLYN;
				GENERATE_INFOPLIST_FILE = YES;
				INFOPLIST_FILE = Beering/Info.plist;
				INFOPLIST_KEY_CFBundleDisplayName = Beering;
				INFOPLIST_KEY_LSApplicationCategoryType = "public.app-category.food-and-drink";
				INFOPLIST_KEY_UIApplicationSupportsIndirectInputEvents = YES;
				INFOPLIST_KEY_UILaunchStoryboardName = LaunchScreen;
				INFOPLIST_KEY_UISupportedInterfaceOrientations = UIInterfaceOrientationPortrait;
				INFOPLIST_KEY_UISupportedInterfaceOrientations_iPad = "UIInterfaceOrientationLandscapeLeft UIInterfaceOrientationLandscapeRight UIInterfaceOrientationPortrait UIInterfaceOrientationPortraitUpsideDown";
				IPHONEOS_DEPLOYMENT_TARGET = 13.0;
				LD_RUNPATH_SEARCH_PATHS = (
					"$(inherited)",
					"@executable_path/Frameworks",
				);
				MARKETING_VERSION = 1.0;
				PRODUCT_BUNDLE_IDENTIFIER = Beering.Beering;
				PRODUCT_NAME = "$(TARGET_NAME)";
				SUPPORTED_PLATFORMS = "iphoneos iphonesimulator";
				SUPPORTS_MACCATALYST = NO;
				SUPPORTS_MAC_DESIGNED_FOR_IPHONE_IPAD = NO;
				SWIFT_EMIT_LOC_STRINGS = YES;
				SWIFT_VERSION = 5.0;
				TARGETED_DEVICE_FAMILY = 1;
			};
			name = Debug;
		};
		2E9F85E52A5270F20082BC8B /* Release */ = {
			isa = XCBuildConfiguration;
			baseConfigurationReference = 7D62E9E04607F08D67C59DDA /* Pods-Beering.release.xcconfig */;
			buildSettings = {
				ASSETCATALOG_COMPILER_APPICON_NAME = AppIcon;
				ASSETCATALOG_COMPILER_GLOBAL_ACCENT_COLOR_NAME = AccentColor;
				CODE_SIGN_STYLE = Automatic;
				CURRENT_PROJECT_VERSION = 1;
				DEVELOPMENT_TEAM = NJWZGJTLYN;
				GENERATE_INFOPLIST_FILE = YES;
				INFOPLIST_FILE = Beering/Info.plist;
				INFOPLIST_KEY_CFBundleDisplayName = Beering;
				INFOPLIST_KEY_LSApplicationCategoryType = "public.app-category.food-and-drink";
				INFOPLIST_KEY_UIApplicationSupportsIndirectInputEvents = YES;
				INFOPLIST_KEY_UILaunchStoryboardName = LaunchScreen;
				INFOPLIST_KEY_UISupportedInterfaceOrientations = UIInterfaceOrientationPortrait;
				INFOPLIST_KEY_UISupportedInterfaceOrientations_iPad = "UIInterfaceOrientationLandscapeLeft UIInterfaceOrientationLandscapeRight UIInterfaceOrientationPortrait UIInterfaceOrientationPortraitUpsideDown";
				IPHONEOS_DEPLOYMENT_TARGET = 13.0;
				LD_RUNPATH_SEARCH_PATHS = (
					"$(inherited)",
					"@executable_path/Frameworks",
				);
				MARKETING_VERSION = 1.0;
				PRODUCT_BUNDLE_IDENTIFIER = Beering.Beering;
				PRODUCT_NAME = "$(TARGET_NAME)";
				SUPPORTED_PLATFORMS = "iphoneos iphonesimulator";
				SUPPORTS_MACCATALYST = NO;
				SUPPORTS_MAC_DESIGNED_FOR_IPHONE_IPAD = NO;
				SWIFT_EMIT_LOC_STRINGS = YES;
				SWIFT_VERSION = 5.0;
				TARGETED_DEVICE_FAMILY = 1;
			};
			name = Release;
		};
/* End XCBuildConfiguration section */

/* Begin XCConfigurationList section */
		2E9F85CA2A5270F10082BC8B /* Build configuration list for PBXProject "Beering" */ = {
			isa = XCConfigurationList;
			buildConfigurations = (
				2E9F85E12A5270F20082BC8B /* Debug */,
				2E9F85E22A5270F20082BC8B /* Release */,
			);
			defaultConfigurationIsVisible = 0;
			defaultConfigurationName = Release;
		};
		2E9F85E32A5270F20082BC8B /* Build configuration list for PBXNativeTarget "Beering" */ = {
			isa = XCConfigurationList;
			buildConfigurations = (
				2E9F85E42A5270F20082BC8B /* Debug */,
				2E9F85E52A5270F20082BC8B /* Release */,
			);
			defaultConfigurationIsVisible = 0;
			defaultConfigurationName = Release;
		};
/* End XCConfigurationList section */
	};
	rootObject = 2E9F85C72A5270F10082BC8B /* Project object */;
}
