// !$*UTF8*$!
{
	archiveVersion = 1;
	classes = {
	};
	objectVersion = 56;
	objects = {

/* Begin PBXBuildFile section */
		2E1D582E2A53ECFD00C1FE9B /* UIViewController.swift in Sources */ = {isa = PBXBuildFile; fileRef = 2E1D582D2A53ECFD00C1FE9B /* UIViewController.swift */; };
		2E9F85D32A5270F10082BC8B /* AppDelegate.swift in Sources */ = {isa = PBXBuildFile; fileRef = 2E9F85D22A5270F10082BC8B /* AppDelegate.swift */; };
		2E9F85D52A5270F10082BC8B /* SceneDelegate.swift in Sources */ = {isa = PBXBuildFile; fileRef = 2E9F85D42A5270F10082BC8B /* SceneDelegate.swift */; };
		2E9F85D72A5270F10082BC8B /* ViewController.swift in Sources */ = {isa = PBXBuildFile; fileRef = 2E9F85D62A5270F10082BC8B /* ViewController.swift */; };
		2E9F85DC2A5270F20082BC8B /* Assets.xcassets in Resources */ = {isa = PBXBuildFile; fileRef = 2E9F85DB2A5270F20082BC8B /* Assets.xcassets */; };
		2E9F85DF2A5270F20082BC8B /* LaunchScreen.storyboard in Resources */ = {isa = PBXBuildFile; fileRef = 2E9F85DD2A5270F20082BC8B /* LaunchScreen.storyboard */; };
		CF96CD6F49E151AD33D2DCA8 /* Pods_Beering.framework in Frameworks */ = {isa = PBXBuildFile; fileRef = 045DA4A813987AF870E47FF4 /* Pods_Beering.framework */; };
/* End PBXBuildFile section */

/* Begin PBXFileReference section */
		045DA4A813987AF870E47FF4 /* Pods_Beering.framework */ = {isa = PBXFileReference; explicitFileType = wrapper.framework; includeInIndex = 0; path = Pods_Beering.framework; sourceTree = BUILT_PRODUCTS_DIR; };
		2E1D582D2A53ECFD00C1FE9B /* UIViewController.swift */ = {isa = PBXFileReference; lastKnownFileType = sourcecode.swift; path = UIViewController.swift; sourceTree = "<group>"; };
		2E9F85CF2A5270F10082BC8B /* Beering.app */ = {isa = PBXFileReference; explicitFileType = wrapper.application; includeInIndex = 0; path = Beering.app; sourceTree = BUILT_PRODUCTS_DIR; };
		2E9F85D22A5270F10082BC8B /* AppDelegate.swift */ = {isa = PBXFileReference; lastKnownFileType = sourcecode.swift; path = AppDelegate.swift; sourceTree = "<group>"; };
		2E9F85D42A5270F10082BC8B /* SceneDelegate.swift */ = {isa = PBXFileReference; lastKnownFileType = sourcecode.swift; path = SceneDelegate.swift; sourceTree = "<group>"; };
		2E9F85D62A5270F10082BC8B /* ViewController.swift */ = {isa = PBXFileReference; lastKnownFileType = sourcecode.swift; path = ViewController.swift; sourceTree = "<group>"; };
		2E9F85DB2A5270F20082BC8B /* Assets.xcassets */ = {isa = PBXFileReference; lastKnownFileType = folder.assetcatalog; path = Assets.xcassets; sourceTree = "<group>"; };
		2E9F85DE2A5270F20082BC8B /* Base */ = {isa = PBXFileReference; lastKnownFileType = file.storyboard; name = Base; path = Base.lproj/LaunchScreen.storyboard; sourceTree = "<group>"; };
		2E9F85E02A5270F20082BC8B /* Info.plist */ = {isa = PBXFileReference; lastKnownFileType = text.plist.xml; path = Info.plist; sourceTree = "<group>"; };
		7D62E9E04607F08D67C59DDA /* Pods-Beering.release.xcconfig */ = {isa = PBXFileReference; includeInIndex = 1; lastKnownFileType = text.xcconfig; name = "Pods-Beering.release.xcconfig"; path = "Target Support Files/Pods-Beering/Pods-Beering.release.xcconfig"; sourceTree = "<group>"; };
		D6F412E016012A6E28AC04C7 /* Pods-Beering.debug.xcconfig */ = {isa = PBXFileReference; includeInIndex = 1; lastKnownFileType = text.xcconfig; name = "Pods-Beering.debug.xcconfig"; path = "Target Support Files/Pods-Beering/Pods-Beering.debug.xcconfig"; sourceTree = "<group>"; };
/* End PBXFileReference section */

/* Begin PBXFrameworksBuildPhase section */
		2E9F85CC2A5270F10082BC8B /* Frameworks */ = {
			isa = PBXFrameworksBuildPhase;
			buildActionMask = 2147483647;
			files = (
				CF96CD6F49E151AD33D2DCA8 /* Pods_Beering.framework in Frameworks */,
			);
			runOnlyForDeploymentPostprocessing = 0;
		};
/* End PBXFrameworksBuildPhase section */

/* Begin PBXGroup section */
		070BF86C7822018D5D4FD26E /* Pods */ = {
			isa = PBXGroup;
			children = (
				D6F412E016012A6E28AC04C7 /* Pods-Beering.debug.xcconfig */,
				7D62E9E04607F08D67C59DDA /* Pods-Beering.release.xcconfig */,
			);
			path = Pods;
			sourceTree = "<group>";
		};
		2E1D582C2A53EC7300C1FE9B /* Extension */ = {
			isa = PBXGroup;
			children = (
				2E1D582D2A53ECFD00C1FE9B /* UIViewController.swift */,
			);
			path = Extension;
			sourceTree = "<group>";
		};
		2E9F85C62A5270F10082BC8B = {
			isa = PBXGroup;
			children = (
				2E9F85D12A5270F10082BC8B /* Beering */,
				2E9F85D02A5270F10082BC8B /* Products */,
				070BF86C7822018D5D4FD26E /* Pods */,
				D0580859C666F16728463A04 /* Frameworks */,
			);
			sourceTree = "<group>";
		};
		2E9F85D02A5270F10082BC8B /* Products */ = {
			isa = PBXGroup;
			children = (
				2E9F85CF2A5270F10082BC8B /* Beering.app */,
			);
			name = Products;
			sourceTree = "<group>";
		};
		2E9F85D12A5270F10082BC8B /* Beering */ = {
			isa = PBXGroup;
			children = (
				2E1D582C2A53EC7300C1FE9B /* Extension */,
				2E9F85D22A5270F10082BC8B /* AppDelegate.swift */,
				2E9F85D42A5270F10082BC8B /* SceneDelegate.swift */,
				2E9F85D62A5270F10082BC8B /* ViewController.swift */,
				2E9F85DB2A5270F20082BC8B /* Assets.xcassets */,
				2E9F85DD2A5270F20082BC8B /* LaunchScreen.storyboard */,
				2E9F85E02A5270F20082BC8B /* Info.plist */,
			);
			path = Beering;
			sourceTree = "<group>";
		};
		D0580859C666F16728463A04 /* Frameworks */ = {
			isa = PBXGroup;
			children = (
				045DA4A813987AF870E47FF4 /* Pods_Beering.framework */,
			);
			name = Frameworks;
			sourceTree = "<group>";
		};
/* End PBXGroup section */

/* Begin PBXNativeTarget section */
		2E9F85CE2A5270F10082BC8B /* Beering */ = {
			isa = PBXNativeTarget;
			buildConfigurationList = 2E9F85E32A5270F20082BC8B /* Build configuration list for PBXNativeTarget "Beering" */;
			buildPhases = (
				3D4BB81F81DE04B46FF0E9D6 /* [CP] Check Pods Manifest.lock */,
				2E9F85CB2A5270F10082BC8B /* Sources */,
				2E9F85CC2A5270F10082BC8B /* Frameworks */,
				2E9F85CD2A5270F10082BC8B /* Resources */,
				2877D68B01550D5DB4ADA512 /* [CP] Embed Pods Frameworks */,
			);
			buildRules = (
			);
			dependencies = (
			);
			name = Beering;
			productName = Beering;
			productReference = 2E9F85CF2A5270F10082BC8B /* Beering.app */;
			productType = "com.apple.product-type.application";
		};
/* End PBXNativeTarget section */

/* Begin PBXProject section */
		2E9F85C72A5270F10082BC8B /* Project object */ = {
			isa = PBXProject;
			attributes = {
				BuildIndependentTargetsInParallel = 1;
				LastSwiftUpdateCheck = 1430;
				LastUpgradeCheck = 1430;
				TargetAttributes = {
					2E9F85CE2A5270F10082BC8B = {
						CreatedOnToolsVersion = 14.3;
					};
				};
			};
			buildConfigurationList = 2E9F85CA2A5270F10082BC8B /* Build configuration list for PBXProject "Beering" */;
			compatibilityVersion = "Xcode 14.0";
			developmentRegion = en;
			hasScannedForEncodings = 0;
			knownRegions = (
				en,
				Base,
			);
			mainGroup = 2E9F85C62A5270F10082BC8B;
			productRefGroup = 2E9F85D02A5270F10082BC8B /* Products */;
			projectDirPath = "";
			projectRoot = "";
			targets = (
				2E9F85CE2A5270F10082BC8B /* Beering */,
			);
		};
/* End PBXProject section */

/* Begin PBXResourcesBuildPhase section */
		2E9F85CD2A5270F10082BC8B /* Resources */ = {
			isa = PBXResourcesBuildPhase;
			buildActionMask = 2147483647;
			files = (
				2E9F85DF2A5270F20082BC8B /* LaunchScreen.storyboard in Resources */,
				2E9F85DC2A5270F20082BC8B /* Assets.xcassets in Resources */,
			);
			runOnlyForDeploymentPostprocessing = 0;
		};
/* End PBXResourcesBuildPhase section */

/* Begin PBXShellScriptBuildPhase section */
		2877D68B01550D5DB4ADA512 /* [CP] Embed Pods Frameworks */ = {
			isa = PBXShellScriptBuildPhase;
			buildActionMask = 2147483647;
			files = (
			);
			inputFileListPaths = (
				"${PODS_ROOT}/Target Support Files/Pods-Beering/Pods-Beering-frameworks-${CONFIGURATION}-input-files.xcfilelist",
			);
			name = "[CP] Embed Pods Frameworks";
			outputFileListPaths = (
				"${PODS_ROOT}/Target Support Files/Pods-Beering/Pods-Beering-frameworks-${CONFIGURATION}-output-files.xcfilelist",
			);
			runOnlyForDeploymentPostprocessing = 0;
			shellPath = /bin/sh;
			shellScript = "\"${PODS_ROOT}/Target Support Files/Pods-Beering/Pods-Beering-frameworks.sh\"\n";
			showEnvVarsInLog = 0;
		};
		3D4BB81F81DE04B46FF0E9D6 /* [CP] Check Pods Manifest.lock */ = {
			isa = PBXShellScriptBuildPhase;
			buildActionMask = 2147483647;
			files = (
			);
			inputFileListPaths = (
			);
			inputPaths = (
				"${PODS_PODFILE_DIR_PATH}/Podfile.lock",
				"${PODS_ROOT}/Manifest.lock",
			);
			name = "[CP] Check Pods Manifest.lock";
			outputFileListPaths = (
			);
			outputPaths = (
				"$(DERIVED_FILE_DIR)/Pods-Beering-checkManifestLockResult.txt",
			);
			runOnlyForDeploymentPostprocessing = 0;
			shellPath = /bin/sh;
			shellScript = "diff \"${PODS_PODFILE_DIR_PATH}/Podfile.lock\" \"${PODS_ROOT}/Manifest.lock\" > /dev/null\nif [ $? != 0 ] ; then\n    # print error to STDERR\n    echo \"error: The sandbox is not in sync with the Podfile.lock. Run 'pod install' or update your CocoaPods installation.\" >&2\n    exit 1\nfi\n# This output is used by Xcode 'outputs' to avoid re-running this script phase.\necho \"SUCCESS\" > \"${SCRIPT_OUTPUT_FILE_0}\"\n";
			showEnvVarsInLog = 0;
		};
/* End PBXShellScriptBuildPhase section */

/* Begin PBXSourcesBuildPhase section */
		2E9F85CB2A5270F10082BC8B /* Sources */ = {
			isa = PBXSourcesBuildPhase;
			buildActionMask = 2147483647;
			files = (
				2E9F85D72A5270F10082BC8B /* ViewController.swift in Sources */,
				2E9F85D32A5270F10082BC8B /* AppDelegate.swift in Sources */,
				2E1D582E2A53ECFD00C1FE9B /* UIViewController.swift in Sources */,
				2E9F85D52A5270F10082BC8B /* SceneDelegate.swift in Sources */,
			);
			runOnlyForDeploymentPostprocessing = 0;
		};
/* End PBXSourcesBuildPhase section */

/* Begin PBXVariantGroup section */
		2E9F85DD2A5270F20082BC8B /* LaunchScreen.storyboard */ = {
			isa = PBXVariantGroup;
			children = (
				2E9F85DE2A5270F20082BC8B /* Base */,
			);
			name = LaunchScreen.storyboard;
			sourceTree = "<group>";
		};
/* End PBXVariantGroup section */

/* Begin XCBuildConfiguration section */
		2E9F85E12A5270F20082BC8B /* Debug */ = {
			isa = XCBuildConfiguration;
			buildSettings = {
				ALWAYS_SEARCH_USER_PATHS = NO;
				CLANG_ANALYZER_NONNULL = YES;
				CLANG_ANALYZER_NUMBER_OBJECT_CONVERSION = YES_AGGRESSIVE;
				CLANG_CXX_LANGUAGE_STANDARD = "gnu++20";
				CLANG_ENABLE_MODULES = YES;
				CLANG_ENABLE_OBJC_ARC = YES;
				CLANG_ENABLE_OBJC_WEAK = YES;
				CLANG_WARN_BLOCK_CAPTURE_AUTORELEASING = YES;
				CLANG_WARN_BOOL_CONVERSION = YES;
				CLANG_WARN_COMMA = YES;
				CLANG_WARN_CONSTANT_CONVERSION = YES;
				CLANG_WARN_DEPRECATED_OBJC_IMPLEMENTATIONS = YES;
				CLANG_WARN_DIRECT_OBJC_ISA_USAGE = YES_ERROR;
				CLANG_WARN_DOCUMENTATION_COMMENTS = YES;
				CLANG_WARN_EMPTY_BODY = YES;
				CLANG_WARN_ENUM_CONVERSION = YES;
				CLANG_WARN_INFINITE_RECURSION = YES;
				CLANG_WARN_INT_CONVERSION = YES;
				CLANG_WARN_NON_LITERAL_NULL_CONVERSION = YES;
				CLANG_WARN_OBJC_IMPLICIT_RETAIN_SELF = YES;
				CLANG_WARN_OBJC_LITERAL_CONVERSION = YES;
				CLANG_WARN_OBJC_ROOT_CLASS = YES_ERROR;
				CLANG_WARN_QUOTED_INCLUDE_IN_FRAMEWORK_HEADER = YES;
				CLANG_WARN_RANGE_LOOP_ANALYSIS = YES;
				CLANG_WARN_STRICT_PROTOTYPES = YES;
				CLANG_WARN_SUSPICIOUS_MOVE = YES;
				CLANG_WARN_UNGUARDED_AVAILABILITY = YES_AGGRESSIVE;
				CLANG_WARN_UNREACHABLE_CODE = YES;
				CLANG_WARN__DUPLICATE_METHOD_MATCH = YES;
				COPY_PHASE_STRIP = NO;
				DEBUG_INFORMATION_FORMAT = dwarf;
				ENABLE_STRICT_OBJC_MSGSEND = YES;
				ENABLE_TESTABILITY = YES;
				GCC_C_LANGUAGE_STANDARD = gnu11;
				GCC_DYNAMIC_NO_PIC = NO;
				GCC_NO_COMMON_BLOCKS = YES;
				GCC_OPTIMIZATION_LEVEL = 0;
				GCC_PREPROCESSOR_DEFINITIONS = (
					"DEBUG=1",
					"$(inherited)",
				);
				GCC_WARN_64_TO_32_BIT_CONVERSION = YES;
				GCC_WARN_ABOUT_RETURN_TYPE = YES_ERROR;
				GCC_WARN_UNDECLARED_SELECTOR = YES;
				GCC_WARN_UNINITIALIZED_AUTOS = YES_AGGRESSIVE;
				GCC_WARN_UNUSED_FUNCTION = YES;
				GCC_WARN_UNUSED_VARIABLE = YES;
				IPHONEOS_DEPLOYMENT_TARGET = 13.0;
				MTL_ENABLE_DEBUG_INFO = INCLUDE_SOURCE;
				MTL_FAST_MATH = YES;
				ONLY_ACTIVE_ARCH = YES;
				SDKROOT = iphoneos;
				SWIFT_ACTIVE_COMPILATION_CONDITIONS = DEBUG;
				SWIFT_OPTIMIZATION_LEVEL = "-Onone";
			};
			name = Debug;
		};
		2E9F85E22A5270F20082BC8B /* Release */ = {
			isa = XCBuildConfiguration;
			buildSettings = {
				ALWAYS_SEARCH_USER_PATHS = NO;
				CLANG_ANALYZER_NONNULL = YES;
				CLANG_ANALYZER_NUMBER_OBJECT_CONVERSION = YES_AGGRESSIVE;
				CLANG_CXX_LANGUAGE_STANDARD = "gnu++20";
				CLANG_ENABLE_MODULES = YES;
				CLANG_ENABLE_OBJC_ARC = YES;
				CLANG_ENABLE_OBJC_WEAK = YES;
				CLANG_WARN_BLOCK_CAPTURE_AUTORELEASING = YES;
				CLANG_WARN_BOOL_CONVERSION = YES;
				CLANG_WARN_COMMA = YES;
				CLANG_WARN_CONSTANT_CONVERSION = YES;
				CLANG_WARN_DEPRECATED_OBJC_IMPLEMENTATIONS = YES;
				CLANG_WARN_DIRECT_OBJC_ISA_USAGE = YES_ERROR;
				CLANG_WARN_DOCUMENTATION_COMMENTS = YES;
				CLANG_WARN_EMPTY_BODY = YES;
				CLANG_WARN_ENUM_CONVERSION = YES;
				CLANG_WARN_INFINITE_RECURSION = YES;
				CLANG_WARN_INT_CONVERSION = YES;
				CLANG_WARN_NON_LITERAL_NULL_CONVERSION = YES;
				CLANG_WARN_OBJC_IMPLICIT_RETAIN_SELF = YES;
				CLANG_WARN_OBJC_LITERAL_CONVERSION = YES;
				CLANG_WARN_OBJC_ROOT_CLASS = YES_ERROR;
				CLANG_WARN_QUOTED_INCLUDE_IN_FRAMEWORK_HEADER = YES;
				CLANG_WARN_RANGE_LOOP_ANALYSIS = YES;
				CLANG_WARN_STRICT_PROTOTYPES = YES;
				CLANG_WARN_SUSPICIOUS_MOVE = YES;
				CLANG_WARN_UNGUARDED_AVAILABILITY = YES_AGGRESSIVE;
				CLANG_WARN_UNREACHABLE_CODE = YES;
				CLANG_WARN__DUPLICATE_METHOD_MATCH = YES;
				COPY_PHASE_STRIP = NO;
				DEBUG_INFORMATION_FORMAT = "dwarf-with-dsym";
				ENABLE_NS_ASSERTIONS = NO;
				ENABLE_STRICT_OBJC_MSGSEND = YES;
				GCC_C_LANGUAGE_STANDARD = gnu11;
				GCC_NO_COMMON_BLOCKS = YES;
				GCC_WARN_64_TO_32_BIT_CONVERSION = YES;
				GCC_WARN_ABOUT_RETURN_TYPE = YES_ERROR;
				GCC_WARN_UNDECLARED_SELECTOR = YES;
				GCC_WARN_UNINITIALIZED_AUTOS = YES_AGGRESSIVE;
				GCC_WARN_UNUSED_FUNCTION = YES;
				GCC_WARN_UNUSED_VARIABLE = YES;
				IPHONEOS_DEPLOYMENT_TARGET = 13.0;
				MTL_ENABLE_DEBUG_INFO = NO;
				MTL_FAST_MATH = YES;
				SDKROOT = iphoneos;
				SWIFT_COMPILATION_MODE = wholemodule;
				SWIFT_OPTIMIZATION_LEVEL = "-O";
				VALIDATE_PRODUCT = YES;
			};
			name = Release;
		};
		2E9F85E42A5270F20082BC8B /* Debug */ = {
			isa = XCBuildConfiguration;
			baseConfigurationReference = D6F412E016012A6E28AC04C7 /* Pods-Beering.debug.xcconfig */;
			buildSettings = {
				ASSETCATALOG_COMPILER_APPICON_NAME = AppIcon;
				ASSETCATALOG_COMPILER_GLOBAL_ACCENT_COLOR_NAME = AccentColor;
				CODE_SIGN_STYLE = Automatic;
				CURRENT_PROJECT_VERSION = 1;
				DEVELOPMENT_TEAM = NJWZGJTLYN;
				GENERATE_INFOPLIST_FILE = YES;
				INFOPLIST_FILE = Beering/Info.plist;
				INFOPLIST_KEY_CFBundleDisplayName = Beering;
				INFOPLIST_KEY_LSApplicationCategoryType = "public.app-category.food-and-drink";
				INFOPLIST_KEY_UIApplicationSupportsIndirectInputEvents = YES;
				INFOPLIST_KEY_UILaunchStoryboardName = LaunchScreen;
				INFOPLIST_KEY_UISupportedInterfaceOrientations = UIInterfaceOrientationPortrait;
				INFOPLIST_KEY_UISupportedInterfaceOrientations_iPad = "UIInterfaceOrientationLandscapeLeft UIInterfaceOrientationLandscapeRight UIInterfaceOrientationPortrait UIInterfaceOrientationPortraitUpsideDown";
				IPHONEOS_DEPLOYMENT_TARGET = 13.0;
				LD_RUNPATH_SEARCH_PATHS = (
					"$(inherited)",
					"@executable_path/Frameworks",
				);
				MARKETING_VERSION = 1.0;
				PRODUCT_BUNDLE_IDENTIFIER = Beering.Beering;
				PRODUCT_NAME = "$(TARGET_NAME)";
				SUPPORTED_PLATFORMS = "iphoneos iphonesimulator";
				SUPPORTS_MACCATALYST = NO;
				SUPPORTS_MAC_DESIGNED_FOR_IPHONE_IPAD = NO;
				SWIFT_EMIT_LOC_STRINGS = YES;
				SWIFT_VERSION = 5.0;
				TARGETED_DEVICE_FAMILY = 1;
			};
			name = Debug;
		};
		2E9F85E52A5270F20082BC8B /* Release */ = {
			isa = XCBuildConfiguration;
			baseConfigurationReference = 7D62E9E04607F08D67C59DDA /* Pods-Beering.release.xcconfig */;
			buildSettings = {
				ASSETCATALOG_COMPILER_APPICON_NAME = AppIcon;
				ASSETCATALOG_COMPILER_GLOBAL_ACCENT_COLOR_NAME = AccentColor;
				CODE_SIGN_STYLE = Automatic;
				CURRENT_PROJECT_VERSION = 1;
				DEVELOPMENT_TEAM = NJWZGJTLYN;
				GENERATE_INFOPLIST_FILE = YES;
				INFOPLIST_FILE = Beering/Info.plist;
				INFOPLIST_KEY_CFBundleDisplayName = Beering;
				INFOPLIST_KEY_LSApplicationCategoryType = "public.app-category.food-and-drink";
				INFOPLIST_KEY_UIApplicationSupportsIndirectInputEvents = YES;
				INFOPLIST_KEY_UILaunchStoryboardName = LaunchScreen;
				INFOPLIST_KEY_UISupportedInterfaceOrientations = UIInterfaceOrientationPortrait;
				INFOPLIST_KEY_UISupportedInterfaceOrientations_iPad = "UIInterfaceOrientationLandscapeLeft UIInterfaceOrientationLandscapeRight UIInterfaceOrientationPortrait UIInterfaceOrientationPortraitUpsideDown";
				IPHONEOS_DEPLOYMENT_TARGET = 13.0;
				LD_RUNPATH_SEARCH_PATHS = (
					"$(inherited)",
					"@executable_path/Frameworks",
				);
				MARKETING_VERSION = 1.0;
				PRODUCT_BUNDLE_IDENTIFIER = Beering.Beering;
				PRODUCT_NAME = "$(TARGET_NAME)";
				SUPPORTED_PLATFORMS = "iphoneos iphonesimulator";
				SUPPORTS_MACCATALYST = NO;
				SUPPORTS_MAC_DESIGNED_FOR_IPHONE_IPAD = NO;
				SWIFT_EMIT_LOC_STRINGS = YES;
				SWIFT_VERSION = 5.0;
				TARGETED_DEVICE_FAMILY = 1;
			};
			name = Release;
		};
/* End XCBuildConfiguration section */

/* Begin XCConfigurationList section */
		2E9F85CA2A5270F10082BC8B /* Build configuration list for PBXProject "Beering" */ = {
			isa = XCConfigurationList;
			buildConfigurations = (
				2E9F85E12A5270F20082BC8B /* Debug */,
				2E9F85E22A5270F20082BC8B /* Release */,
			);
			defaultConfigurationIsVisible = 0;
			defaultConfigurationName = Release;
		};
		2E9F85E32A5270F20082BC8B /* Build configuration list for PBXNativeTarget "Beering" */ = {
			isa = XCConfigurationList;
			buildConfigurations = (
				2E9F85E42A5270F20082BC8B /* Debug */,
				2E9F85E52A5270F20082BC8B /* Release */,
			);
			defaultConfigurationIsVisible = 0;
			defaultConfigurationName = Release;
		};
/* End XCConfigurationList section */
	};
	rootObject = 2E9F85C72A5270F10082BC8B /* Project object */;
}
