// !$*UTF8*$!
{
	archiveVersion = 1;
	classes = {
	};
	objectVersion = 56;
	objects = {

/* Begin PBXBuildFile section */
		2E1D582E2A53ECFD00C1FE9B /* UIViewController.swift in Sources */ = {isa = PBXBuildFile; fileRef = 2E1D582D2A53ECFD00C1FE9B /* UIViewController.swift */; };
		2E1D583D2A53FB0D00C1FE9B /* LoginRequest.storyboard in Resources */ = {isa = PBXBuildFile; fileRef = 2E1D583C2A53FB0D00C1FE9B /* LoginRequest.storyboard */; };
		2E1D583F2A53FB2200C1FE9B /* LoginRequestVC.swift in Sources */ = {isa = PBXBuildFile; fileRef = 2E1D583E2A53FB2200C1FE9B /* LoginRequestVC.swift */; };
		2E309DB22A55081600B19B2A /* HomeVC.swift in Sources */ = {isa = PBXBuildFile; fileRef = 2E309DB12A55081600B19B2A /* HomeVC.swift */; };
		2E309DBA2A550BCB00B19B2A /* TabBar.storyboard in Resources */ = {isa = PBXBuildFile; fileRef = 2E309DB92A550BCB00B19B2A /* TabBar.storyboard */; };
		2E309DBC2A550C3E00B19B2A /* Search.storyboard in Resources */ = {isa = PBXBuildFile; fileRef = 2E309DBB2A550C3E00B19B2A /* Search.storyboard */; };
		2E309DBE2A550C5A00B19B2A /* myPage.storyboard in Resources */ = {isa = PBXBuildFile; fileRef = 2E309DBD2A550C5A00B19B2A /* myPage.storyboard */; };
		2E309DC02A550D0D00B19B2A /* Home.storyboard in Resources */ = {isa = PBXBuildFile; fileRef = 2E309DBF2A550D0D00B19B2A /* Home.storyboard */; };
		2E309DC82A55131F00B19B2A /* ReviewCell.swift in Sources */ = {isa = PBXBuildFile; fileRef = 2E309DC62A55131F00B19B2A /* ReviewCell.swift */; };
		2E309DC92A55131F00B19B2A /* ReviewCell.xib in Resources */ = {isa = PBXBuildFile; fileRef = 2E309DC72A55131F00B19B2A /* ReviewCell.xib */; };
		2E309DCF2A55425000B19B2A /* UIImageView.swift in Sources */ = {isa = PBXBuildFile; fileRef = 2E309DCE2A55425000B19B2A /* UIImageView.swift */; };
		2E309DD12A554C3600B19B2A /* UILabel.swift in Sources */ = {isa = PBXBuildFile; fileRef = 2E309DD02A554C3600B19B2A /* UILabel.swift */; };
		2E309DDA2A55558700B19B2A /* ReviewImageCell.swift in Sources */ = {isa = PBXBuildFile; fileRef = 2E309DD82A55558700B19B2A /* ReviewImageCell.swift */; };
		2E309DDB2A55558700B19B2A /* ReviewImageCell.xib in Resources */ = {isa = PBXBuildFile; fileRef = 2E309DD92A55558700B19B2A /* ReviewImageCell.xib */; };
		2E9F85D32A5270F10082BC8B /* AppDelegate.swift in Sources */ = {isa = PBXBuildFile; fileRef = 2E9F85D22A5270F10082BC8B /* AppDelegate.swift */; };
		2E9F85D52A5270F10082BC8B /* SceneDelegate.swift in Sources */ = {isa = PBXBuildFile; fileRef = 2E9F85D42A5270F10082BC8B /* SceneDelegate.swift */; };
		2E9F85DC2A5270F20082BC8B /* Assets.xcassets in Resources */ = {isa = PBXBuildFile; fileRef = 2E9F85DB2A5270F20082BC8B /* Assets.xcassets */; };
		2E9F85DF2A5270F20082BC8B /* LaunchScreen.storyboard in Resources */ = {isa = PBXBuildFile; fileRef = 2E9F85DD2A5270F20082BC8B /* LaunchScreen.storyboard */; };
		88B491002A5D341600CEB280 /* NormalJoin.storyboard in Resources */ = {isa = PBXBuildFile; fileRef = 88B490FF2A5D341600CEB280 /* NormalJoin.storyboard */; };
		88B491032A5D344600CEB280 /* KAKAOJoin.storyboard in Resources */ = {isa = PBXBuildFile; fileRef = 88B491022A5D344600CEB280 /* KAKAOJoin.storyboard */; };
		88B491052A5D346B00CEB280 /* NormalJoinVC.swift in Sources */ = {isa = PBXBuildFile; fileRef = 88B491042A5D346B00CEB280 /* NormalJoinVC.swift */; };
		88B491072A5D348200CEB280 /* KAKAOJoinVC.swift in Sources */ = {isa = PBXBuildFile; fileRef = 88B491062A5D348200CEB280 /* KAKAOJoinVC.swift */; };
		88BEE9C52A69112900B7C279 /* CheckBox.xib in Resources */ = {isa = PBXBuildFile; fileRef = 88BEE9C42A69112900B7C279 /* CheckBox.xib */; };
		88BEE9C72A6919F800B7C279 /* CheckBox.swift in Sources */ = {isa = PBXBuildFile; fileRef = 88BEE9C62A6919F800B7C279 /* CheckBox.swift */; };
		88BEE9CB2A696DBB00B7C279 /* Login.storyboard in Resources */ = {isa = PBXBuildFile; fileRef = 88BEE9CA2A696DBB00B7C279 /* Login.storyboard */; };
		88BEE9CD2A696DCF00B7C279 /* LoginVC.swift in Sources */ = {isa = PBXBuildFile; fileRef = 88BEE9CC2A696DCF00B7C279 /* LoginVC.swift */; };
		88BEE9DD2A6FA48A00B7C279 /* TermsOfUse.storyboard in Resources */ = {isa = PBXBuildFile; fileRef = 88BEE9DC2A6FA48A00B7C279 /* TermsOfUse.storyboard */; };
		88BEE9DF2A6FA4A400B7C279 /* TermsOfUseVC.swift in Sources */ = {isa = PBXBuildFile; fileRef = 88BEE9DE2A6FA4A400B7C279 /* TermsOfUseVC.swift */; };
		88BEE9E12A72517900B7C279 /* CheckDuplicate.storyboard in Resources */ = {isa = PBXBuildFile; fileRef = 88BEE9E02A72517900B7C279 /* CheckDuplicate.storyboard */; };
		88BEE9E32A72519300B7C279 /* CheckDuplicateVC.swift in Sources */ = {isa = PBXBuildFile; fileRef = 88BEE9E22A72519300B7C279 /* CheckDuplicateVC.swift */; };
/* End PBXBuildFile section */

/* Begin PBXFileReference section */
		2E1D582D2A53ECFD00C1FE9B /* UIViewController.swift */ = {isa = PBXFileReference; lastKnownFileType = sourcecode.swift; path = UIViewController.swift; sourceTree = "<group>"; };
		2E1D583C2A53FB0D00C1FE9B /* LoginRequest.storyboard */ = {isa = PBXFileReference; lastKnownFileType = file.storyboard; path = LoginRequest.storyboard; sourceTree = "<group>"; };
		2E1D583E2A53FB2200C1FE9B /* LoginRequestVC.swift */ = {isa = PBXFileReference; lastKnownFileType = sourcecode.swift; path = LoginRequestVC.swift; sourceTree = "<group>"; };
		2E309DB12A55081600B19B2A /* HomeVC.swift */ = {isa = PBXFileReference; lastKnownFileType = sourcecode.swift; path = HomeVC.swift; sourceTree = "<group>"; };
		2E309DB92A550BCB00B19B2A /* TabBar.storyboard */ = {isa = PBXFileReference; lastKnownFileType = file.storyboard; path = TabBar.storyboard; sourceTree = "<group>"; };
		2E309DBB2A550C3E00B19B2A /* Search.storyboard */ = {isa = PBXFileReference; fileEncoding = 4; lastKnownFileType = file.storyboard; path = Search.storyboard; sourceTree = "<group>"; };
		2E309DBD2A550C5A00B19B2A /* myPage.storyboard */ = {isa = PBXFileReference; fileEncoding = 4; lastKnownFileType = file.storyboard; path = myPage.storyboard; sourceTree = "<group>"; };
		2E309DBF2A550D0D00B19B2A /* Home.storyboard */ = {isa = PBXFileReference; fileEncoding = 4; lastKnownFileType = file.storyboard; path = Home.storyboard; sourceTree = "<group>"; };
		2E309DC62A55131F00B19B2A /* ReviewCell.swift */ = {isa = PBXFileReference; lastKnownFileType = sourcecode.swift; path = ReviewCell.swift; sourceTree = "<group>"; };
		2E309DC72A55131F00B19B2A /* ReviewCell.xib */ = {isa = PBXFileReference; lastKnownFileType = file.xib; path = ReviewCell.xib; sourceTree = "<group>"; };
		2E309DCE2A55425000B19B2A /* UIImageView.swift */ = {isa = PBXFileReference; lastKnownFileType = sourcecode.swift; path = UIImageView.swift; sourceTree = "<group>"; };
		2E309DD02A554C3600B19B2A /* UILabel.swift */ = {isa = PBXFileReference; lastKnownFileType = sourcecode.swift; path = UILabel.swift; sourceTree = "<group>"; };
		2E309DD82A55558700B19B2A /* ReviewImageCell.swift */ = {isa = PBXFileReference; lastKnownFileType = sourcecode.swift; path = ReviewImageCell.swift; sourceTree = "<group>"; };
		2E309DD92A55558700B19B2A /* ReviewImageCell.xib */ = {isa = PBXFileReference; lastKnownFileType = file.xib; path = ReviewImageCell.xib; sourceTree = "<group>"; };
		2E9F85CF2A5270F10082BC8B /* Beering.app */ = {isa = PBXFileReference; explicitFileType = wrapper.application; includeInIndex = 0; path = Beering.app; sourceTree = BUILT_PRODUCTS_DIR; };
		2E9F85D22A5270F10082BC8B /* AppDelegate.swift */ = {isa = PBXFileReference; lastKnownFileType = sourcecode.swift; path = AppDelegate.swift; sourceTree = "<group>"; };
		2E9F85D42A5270F10082BC8B /* SceneDelegate.swift */ = {isa = PBXFileReference; lastKnownFileType = sourcecode.swift; path = SceneDelegate.swift; sourceTree = "<group>"; };
		2E9F85DB2A5270F20082BC8B /* Assets.xcassets */ = {isa = PBXFileReference; lastKnownFileType = folder.assetcatalog; path = Assets.xcassets; sourceTree = "<group>"; };
		2E9F85DE2A5270F20082BC8B /* Base */ = {isa = PBXFileReference; lastKnownFileType = file.storyboard; name = Base; path = Base.lproj/LaunchScreen.storyboard; sourceTree = "<group>"; };
		2E9F85E02A5270F20082BC8B /* Info.plist */ = {isa = PBXFileReference; lastKnownFileType = text.plist.xml; path = Info.plist; sourceTree = "<group>"; };
		88B490FF2A5D341600CEB280 /* NormalJoin.storyboard */ = {isa = PBXFileReference; lastKnownFileType = file.storyboard; path = NormalJoin.storyboard; sourceTree = "<group>"; };
		88B491022A5D344600CEB280 /* KAKAOJoin.storyboard */ = {isa = PBXFileReference; lastKnownFileType = file.storyboard; path = KAKAOJoin.storyboard; sourceTree = "<group>"; };
		88B491042A5D346B00CEB280 /* NormalJoinVC.swift */ = {isa = PBXFileReference; lastKnownFileType = sourcecode.swift; path = NormalJoinVC.swift; sourceTree = "<group>"; };
		88B491062A5D348200CEB280 /* KAKAOJoinVC.swift */ = {isa = PBXFileReference; lastKnownFileType = sourcecode.swift; path = KAKAOJoinVC.swift; sourceTree = "<group>"; };
		88BEE9C42A69112900B7C279 /* CheckBox.xib */ = {isa = PBXFileReference; lastKnownFileType = file.xib; path = CheckBox.xib; sourceTree = "<group>"; };
		88BEE9C62A6919F800B7C279 /* CheckBox.swift */ = {isa = PBXFileReference; lastKnownFileType = sourcecode.swift; path = CheckBox.swift; sourceTree = "<group>"; };
		88BEE9CA2A696DBB00B7C279 /* Login.storyboard */ = {isa = PBXFileReference; lastKnownFileType = file.storyboard; path = Login.storyboard; sourceTree = "<group>"; };
		88BEE9CC2A696DCF00B7C279 /* LoginVC.swift */ = {isa = PBXFileReference; lastKnownFileType = sourcecode.swift; path = LoginVC.swift; sourceTree = "<group>"; };
		88BEE9DC2A6FA48A00B7C279 /* TermsOfUse.storyboard */ = {isa = PBXFileReference; lastKnownFileType = file.storyboard; path = TermsOfUse.storyboard; sourceTree = "<group>"; };
		88BEE9DE2A6FA4A400B7C279 /* TermsOfUseVC.swift */ = {isa = PBXFileReference; lastKnownFileType = sourcecode.swift; path = TermsOfUseVC.swift; sourceTree = "<group>"; };
		88BEE9E02A72517900B7C279 /* CheckDuplicate.storyboard */ = {isa = PBXFileReference; lastKnownFileType = file.storyboard; path = CheckDuplicate.storyboard; sourceTree = "<group>"; };
		88BEE9E22A72519300B7C279 /* CheckDuplicateVC.swift */ = {isa = PBXFileReference; lastKnownFileType = sourcecode.swift; path = CheckDuplicateVC.swift; sourceTree = "<group>"; };
/* End PBXFileReference section */

/* Begin PBXFrameworksBuildPhase section */
		2E9F85CC2A5270F10082BC8B /* Frameworks */ = {
			isa = PBXFrameworksBuildPhase;
			buildActionMask = 2147483647;
			files = (
			);
			runOnlyForDeploymentPostprocessing = 0;
		};
/* End PBXFrameworksBuildPhase section */

/* Begin PBXGroup section */
		2E1D582C2A53EC7300C1FE9B /* Extension */ = {
			isa = PBXGroup;
			children = (
				2E1D582D2A53ECFD00C1FE9B /* UIViewController.swift */,
				2E309DD02A554C3600B19B2A /* UILabel.swift */,
				2E309DCE2A55425000B19B2A /* UIImageView.swift */,
			);
			path = Extension;
			sourceTree = "<group>";
		};
		2E309DC32A550FE400B19B2A /* Home */ = {
			isa = PBXGroup;
			children = (
				2E309DB12A55081600B19B2A /* HomeVC.swift */,
				2E309DBF2A550D0D00B19B2A /* Home.storyboard */,
				2E309DC62A55131F00B19B2A /* ReviewCell.swift */,
				2E309DC72A55131F00B19B2A /* ReviewCell.xib */,
				2E309DD82A55558700B19B2A /* ReviewImageCell.swift */,
				2E309DD92A55558700B19B2A /* ReviewImageCell.xib */,
			);
			path = Home;
			sourceTree = "<group>";
		};
		2E9F85C62A5270F10082BC8B = {
			isa = PBXGroup;
			children = (
				2E9F85D12A5270F10082BC8B /* Beering */,
				2E9F85D02A5270F10082BC8B /* Products */,
			);
			sourceTree = "<group>";
		};
		2E9F85D02A5270F10082BC8B /* Products */ = {
			isa = PBXGroup;
			children = (
				2E9F85CF2A5270F10082BC8B /* Beering.app */,
			);
			name = Products;
			sourceTree = "<group>";
		};
		2E9F85D12A5270F10082BC8B /* Beering */ = {
			isa = PBXGroup;
			children = (
				2ED7A1752A5BA6E2009CC66A /* Account */,
				2E309DC32A550FE400B19B2A /* Home */,
				2ED7A1722A57B777009CC66A /* Search */,
				2ED7A1772A5BA76E009CC66A /* MyPage */,
				2E1D582C2A53EC7300C1FE9B /* Extension */,
				2E9F85D22A5270F10082BC8B /* AppDelegate.swift */,
				2E9F85D42A5270F10082BC8B /* SceneDelegate.swift */,
				2E9F85DB2A5270F20082BC8B /* Assets.xcassets */,
				2E309DB92A550BCB00B19B2A /* TabBar.storyboard */,
				2E9F85DD2A5270F20082BC8B /* LaunchScreen.storyboard */,
				2E9F85E02A5270F20082BC8B /* Info.plist */,
			);
			path = Beering;
			sourceTree = "<group>";
		};
		2ED7A1722A57B777009CC66A /* Search */ = {
			isa = PBXGroup;
			children = (
				2E309DBB2A550C3E00B19B2A /* Search.storyboard */,
			);
			path = Search;
			sourceTree = "<group>";
		};
		2ED7A1752A5BA6E2009CC66A /* Account */ = {
			isa = PBXGroup;
			children = (
				88B491012A5D342300CEB280 /* JOIN */,
				2ED7A1762A5BA747009CC66A /* Login */,
			);
			path = Account;
			sourceTree = "<group>";
		};
		2ED7A1762A5BA747009CC66A /* Login */ = {
			isa = PBXGroup;
			children = (
				2E1D583E2A53FB2200C1FE9B /* LoginRequestVC.swift */,
				2E1D583C2A53FB0D00C1FE9B /* LoginRequest.storyboard */,
				88BEE9CC2A696DCF00B7C279 /* LoginVC.swift */,
				88BEE9CA2A696DBB00B7C279 /* Login.storyboard */,
			);
			path = Login;
			sourceTree = "<group>";
		};
		2ED7A1772A5BA76E009CC66A /* MyPage */ = {
			isa = PBXGroup;
			children = (
				2E309DBD2A550C5A00B19B2A /* myPage.storyboard */,
			);
			path = MyPage;
			sourceTree = "<group>";
		};
		88B491012A5D342300CEB280 /* JOIN */ = {
			isa = PBXGroup;
			children = (
				88B490FF2A5D341600CEB280 /* NormalJoin.storyboard */,
				88B491042A5D346B00CEB280 /* NormalJoinVC.swift */,
				88B491022A5D344600CEB280 /* KAKAOJoin.storyboard */,
				88B491062A5D348200CEB280 /* KAKAOJoinVC.swift */,
				88BEE9DC2A6FA48A00B7C279 /* TermsOfUse.storyboard */,
				88BEE9DE2A6FA4A400B7C279 /* TermsOfUseVC.swift */,
				88BEE9C42A69112900B7C279 /* CheckBox.xib */,
				88BEE9C62A6919F800B7C279 /* CheckBox.swift */,
				88BEE9E02A72517900B7C279 /* CheckDuplicate.storyboard */,
				88BEE9E22A72519300B7C279 /* CheckDuplicateVC.swift */,
			);
			path = JOIN;
			sourceTree = "<group>";
		};
/* End PBXGroup section */

/* Begin PBXNativeTarget section */
		2E9F85CE2A5270F10082BC8B /* Beering */ = {
			isa = PBXNativeTarget;
			buildConfigurationList = 2E9F85E32A5270F20082BC8B /* Build configuration list for PBXNativeTarget "Beering" */;
			buildPhases = (
				2E9F85CB2A5270F10082BC8B /* Sources */,
				2E9F85CC2A5270F10082BC8B /* Frameworks */,
				2E9F85CD2A5270F10082BC8B /* Resources */,
			);
			buildRules = (
			);
			dependencies = (
			);
			name = Beering;
			productName = Beering;
			productReference = 2E9F85CF2A5270F10082BC8B /* Beering.app */;
			productType = "com.apple.product-type.application";
		};
/* End PBXNativeTarget section */

/* Begin PBXProject section */
		2E9F85C72A5270F10082BC8B /* Project object */ = {
			isa = PBXProject;
			attributes = {
				BuildIndependentTargetsInParallel = 1;
				LastSwiftUpdateCheck = 1430;
				LastUpgradeCheck = 1430;
				TargetAttributes = {
					2E9F85CE2A5270F10082BC8B = {
						CreatedOnToolsVersion = 14.3;
					};
				};
			};
			buildConfigurationList = 2E9F85CA2A5270F10082BC8B /* Build configuration list for PBXProject "Beering" */;
			compatibilityVersion = "Xcode 14.0";
			developmentRegion = en;
			hasScannedForEncodings = 0;
			knownRegions = (
				en,
				Base,
			);
			mainGroup = 2E9F85C62A5270F10082BC8B;
			productRefGroup = 2E9F85D02A5270F10082BC8B /* Products */;
			projectDirPath = "";
			projectRoot = "";
			targets = (
				2E9F85CE2A5270F10082BC8B /* Beering */,
			);
		};
/* End PBXProject section */

/* Begin PBXResourcesBuildPhase section */
		2E9F85CD2A5270F10082BC8B /* Resources */ = {
			isa = PBXResourcesBuildPhase;
			buildActionMask = 2147483647;
			files = (
				2E1D583D2A53FB0D00C1FE9B /* LoginRequest.storyboard in Resources */,
				88BEE9CB2A696DBB00B7C279 /* Login.storyboard in Resources */,
				88BEE9E12A72517900B7C279 /* CheckDuplicate.storyboard in Resources */,
				2E309DC92A55131F00B19B2A /* ReviewCell.xib in Resources */,
				88BEE9DD2A6FA48A00B7C279 /* TermsOfUse.storyboard in Resources */,
				2E309DDB2A55558700B19B2A /* ReviewImageCell.xib in Resources */,
				2E309DBE2A550C5A00B19B2A /* myPage.storyboard in Resources */,
				2E9F85DF2A5270F20082BC8B /* LaunchScreen.storyboard in Resources */,
				2E309DBC2A550C3E00B19B2A /* Search.storyboard in Resources */,
				88B491002A5D341600CEB280 /* NormalJoin.storyboard in Resources */,
				2E309DBA2A550BCB00B19B2A /* TabBar.storyboard in Resources */,
				2E9F85DC2A5270F20082BC8B /* Assets.xcassets in Resources */,
				2E309DC02A550D0D00B19B2A /* Home.storyboard in Resources */,
				88B491032A5D344600CEB280 /* KAKAOJoin.storyboard in Resources */,
				88BEE9C52A69112900B7C279 /* CheckBox.xib in Resources */,
			);
			runOnlyForDeploymentPostprocessing = 0;
		};
/* End PBXResourcesBuildPhase section */

/* Begin PBXSourcesBuildPhase section */
		2E9F85CB2A5270F10082BC8B /* Sources */ = {
			isa = PBXSourcesBuildPhase;
			buildActionMask = 2147483647;
			files = (
				88B491072A5D348200CEB280 /* KAKAOJoinVC.swift in Sources */,
				88B491052A5D346B00CEB280 /* NormalJoinVC.swift in Sources */,
				88BEE9E32A72519300B7C279 /* CheckDuplicateVC.swift in Sources */,
				88BEE9CD2A696DCF00B7C279 /* LoginVC.swift in Sources */,
				2E309DD12A554C3600B19B2A /* UILabel.swift in Sources */,
				2E309DCF2A55425000B19B2A /* UIImageView.swift in Sources */,
				2E9F85D32A5270F10082BC8B /* AppDelegate.swift in Sources */,
				2E1D582E2A53ECFD00C1FE9B /* UIViewController.swift in Sources */,
				2E309DB22A55081600B19B2A /* HomeVC.swift in Sources */,
				2E9F85D52A5270F10082BC8B /* SceneDelegate.swift in Sources */,
				2E1D583F2A53FB2200C1FE9B /* LoginRequestVC.swift in Sources */,
				2E309DC82A55131F00B19B2A /* ReviewCell.swift in Sources */,
				2E309DDA2A55558700B19B2A /* ReviewImageCell.swift in Sources */,
				88BEE9C72A6919F800B7C279 /* CheckBox.swift in Sources */,
				88BEE9DF2A6FA4A400B7C279 /* TermsOfUseVC.swift in Sources */,
			);
			runOnlyForDeploymentPostprocessing = 0;
		};
/* End PBXSourcesBuildPhase section */

/* Begin PBXVariantGroup section */
		2E9F85DD2A5270F20082BC8B /* LaunchScreen.storyboard */ = {
			isa = PBXVariantGroup;
			children = (
				2E9F85DE2A5270F20082BC8B /* Base */,
			);
			name = LaunchScreen.storyboard;
			sourceTree = "<group>";
		};
/* End PBXVariantGroup section */

/* Begin XCBuildConfiguration section */
		2E9F85E12A5270F20082BC8B /* Debug */ = {
			isa = XCBuildConfiguration;
			buildSettings = {
				ALWAYS_SEARCH_USER_PATHS = NO;
				CLANG_ANALYZER_NONNULL = YES;
				CLANG_ANALYZER_NUMBER_OBJECT_CONVERSION = YES_AGGRESSIVE;
				CLANG_CXX_LANGUAGE_STANDARD = "gnu++20";
				CLANG_ENABLE_MODULES = YES;
				CLANG_ENABLE_OBJC_ARC = YES;
				CLANG_ENABLE_OBJC_WEAK = YES;
				CLANG_WARN_BLOCK_CAPTURE_AUTORELEASING = YES;
				CLANG_WARN_BOOL_CONVERSION = YES;
				CLANG_WARN_COMMA = YES;
				CLANG_WARN_CONSTANT_CONVERSION = YES;
				CLANG_WARN_DEPRECATED_OBJC_IMPLEMENTATIONS = YES;
				CLANG_WARN_DIRECT_OBJC_ISA_USAGE = YES_ERROR;
				CLANG_WARN_DOCUMENTATION_COMMENTS = YES;
				CLANG_WARN_EMPTY_BODY = YES;
				CLANG_WARN_ENUM_CONVERSION = YES;
				CLANG_WARN_INFINITE_RECURSION = YES;
				CLANG_WARN_INT_CONVERSION = YES;
				CLANG_WARN_NON_LITERAL_NULL_CONVERSION = YES;
				CLANG_WARN_OBJC_IMPLICIT_RETAIN_SELF = YES;
				CLANG_WARN_OBJC_LITERAL_CONVERSION = YES;
				CLANG_WARN_OBJC_ROOT_CLASS = YES_ERROR;
				CLANG_WARN_QUOTED_INCLUDE_IN_FRAMEWORK_HEADER = YES;
				CLANG_WARN_RANGE_LOOP_ANALYSIS = YES;
				CLANG_WARN_STRICT_PROTOTYPES = YES;
				CLANG_WARN_SUSPICIOUS_MOVE = YES;
				CLANG_WARN_UNGUARDED_AVAILABILITY = YES_AGGRESSIVE;
				CLANG_WARN_UNREACHABLE_CODE = YES;
				CLANG_WARN__DUPLICATE_METHOD_MATCH = YES;
				COPY_PHASE_STRIP = NO;
				DEBUG_INFORMATION_FORMAT = dwarf;
				ENABLE_STRICT_OBJC_MSGSEND = YES;
				ENABLE_TESTABILITY = YES;
				GCC_C_LANGUAGE_STANDARD = gnu11;
				GCC_DYNAMIC_NO_PIC = NO;
				GCC_NO_COMMON_BLOCKS = YES;
				GCC_OPTIMIZATION_LEVEL = 0;
				GCC_PREPROCESSOR_DEFINITIONS = (
					"DEBUG=1",
					"$(inherited)",
				);
				GCC_WARN_64_TO_32_BIT_CONVERSION = YES;
				GCC_WARN_ABOUT_RETURN_TYPE = YES_ERROR;
				GCC_WARN_UNDECLARED_SELECTOR = YES;
				GCC_WARN_UNINITIALIZED_AUTOS = YES_AGGRESSIVE;
				GCC_WARN_UNUSED_FUNCTION = YES;
				GCC_WARN_UNUSED_VARIABLE = YES;
				IPHONEOS_DEPLOYMENT_TARGET = 13.0;
				MTL_ENABLE_DEBUG_INFO = INCLUDE_SOURCE;
				MTL_FAST_MATH = YES;
				ONLY_ACTIVE_ARCH = YES;
				SDKROOT = iphoneos;
				SWIFT_ACTIVE_COMPILATION_CONDITIONS = DEBUG;
				SWIFT_OPTIMIZATION_LEVEL = "-Onone";
			};
			name = Debug;
		};
		2E9F85E22A5270F20082BC8B /* Release */ = {
			isa = XCBuildConfiguration;
			buildSettings = {
				ALWAYS_SEARCH_USER_PATHS = NO;
				CLANG_ANALYZER_NONNULL = YES;
				CLANG_ANALYZER_NUMBER_OBJECT_CONVERSION = YES_AGGRESSIVE;
				CLANG_CXX_LANGUAGE_STANDARD = "gnu++20";
				CLANG_ENABLE_MODULES = YES;
				CLANG_ENABLE_OBJC_ARC = YES;
				CLANG_ENABLE_OBJC_WEAK = YES;
				CLANG_WARN_BLOCK_CAPTURE_AUTORELEASING = YES;
				CLANG_WARN_BOOL_CONVERSION = YES;
				CLANG_WARN_COMMA = YES;
				CLANG_WARN_CONSTANT_CONVERSION = YES;
				CLANG_WARN_DEPRECATED_OBJC_IMPLEMENTATIONS = YES;
				CLANG_WARN_DIRECT_OBJC_ISA_USAGE = YES_ERROR;
				CLANG_WARN_DOCUMENTATION_COMMENTS = YES;
				CLANG_WARN_EMPTY_BODY = YES;
				CLANG_WARN_ENUM_CONVERSION = YES;
				CLANG_WARN_INFINITE_RECURSION = YES;
				CLANG_WARN_INT_CONVERSION = YES;
				CLANG_WARN_NON_LITERAL_NULL_CONVERSION = YES;
				CLANG_WARN_OBJC_IMPLICIT_RETAIN_SELF = YES;
				CLANG_WARN_OBJC_LITERAL_CONVERSION = YES;
				CLANG_WARN_OBJC_ROOT_CLASS = YES_ERROR;
				CLANG_WARN_QUOTED_INCLUDE_IN_FRAMEWORK_HEADER = YES;
				CLANG_WARN_RANGE_LOOP_ANALYSIS = YES;
				CLANG_WARN_STRICT_PROTOTYPES = YES;
				CLANG_WARN_SUSPICIOUS_MOVE = YES;
				CLANG_WARN_UNGUARDED_AVAILABILITY = YES_AGGRESSIVE;
				CLANG_WARN_UNREACHABLE_CODE = YES;
				CLANG_WARN__DUPLICATE_METHOD_MATCH = YES;
				COPY_PHASE_STRIP = NO;
				DEBUG_INFORMATION_FORMAT = "dwarf-with-dsym";
				ENABLE_NS_ASSERTIONS = NO;
				ENABLE_STRICT_OBJC_MSGSEND = YES;
				GCC_C_LANGUAGE_STANDARD = gnu11;
				GCC_NO_COMMON_BLOCKS = YES;
				GCC_WARN_64_TO_32_BIT_CONVERSION = YES;
				GCC_WARN_ABOUT_RETURN_TYPE = YES_ERROR;
				GCC_WARN_UNDECLARED_SELECTOR = YES;
				GCC_WARN_UNINITIALIZED_AUTOS = YES_AGGRESSIVE;
				GCC_WARN_UNUSED_FUNCTION = YES;
				GCC_WARN_UNUSED_VARIABLE = YES;
				IPHONEOS_DEPLOYMENT_TARGET = 13.0;
				MTL_ENABLE_DEBUG_INFO = NO;
				MTL_FAST_MATH = YES;
				SDKROOT = iphoneos;
				SWIFT_COMPILATION_MODE = wholemodule;
				SWIFT_OPTIMIZATION_LEVEL = "-O";
				VALIDATE_PRODUCT = YES;
			};
			name = Release;
		};
		2E9F85E42A5270F20082BC8B /* Debug */ = {
			isa = XCBuildConfiguration;
			buildSettings = {
				ASSETCATALOG_COMPILER_APPICON_NAME = AppIcon;
				ASSETCATALOG_COMPILER_GLOBAL_ACCENT_COLOR_NAME = AccentColor;
				CODE_SIGN_STYLE = Automatic;
				CURRENT_PROJECT_VERSION = 1;
				DEVELOPMENT_TEAM = NJWZGJTLYN;
				GENERATE_INFOPLIST_FILE = YES;
				INFOPLIST_FILE = Beering/Info.plist;
				INFOPLIST_KEY_CFBundleDisplayName = Beering;
				INFOPLIST_KEY_LSApplicationCategoryType = "public.app-category.food-and-drink";
				INFOPLIST_KEY_UIApplicationSupportsIndirectInputEvents = YES;
				INFOPLIST_KEY_UILaunchStoryboardName = LoginRequest;
				INFOPLIST_KEY_UISupportedInterfaceOrientations = UIInterfaceOrientationPortrait;
				INFOPLIST_KEY_UISupportedInterfaceOrientations_iPad = "UIInterfaceOrientationLandscapeLeft UIInterfaceOrientationLandscapeRight UIInterfaceOrientationPortrait UIInterfaceOrientationPortraitUpsideDown";
				IPHONEOS_DEPLOYMENT_TARGET = 13.0;
				LD_RUNPATH_SEARCH_PATHS = (
					"$(inherited)",
					"@executable_path/Frameworks",
				);
				MARKETING_VERSION = 1.0;
				PRODUCT_BUNDLE_IDENTIFIER = Beering.Beering;
				PRODUCT_NAME = "$(TARGET_NAME)";
				SUPPORTED_PLATFORMS = "iphoneos iphonesimulator";
				SUPPORTS_MACCATALYST = NO;
				SUPPORTS_MAC_DESIGNED_FOR_IPHONE_IPAD = NO;
				SWIFT_EMIT_LOC_STRINGS = YES;
				SWIFT_VERSION = 5.0;
				TARGETED_DEVICE_FAMILY = 1;
			};
			name = Debug;
		};
		2E9F85E52A5270F20082BC8B /* Release */ = {
			isa = XCBuildConfiguration;
			buildSettings = {
				ASSETCATALOG_COMPILER_APPICON_NAME = AppIcon;
				ASSETCATALOG_COMPILER_GLOBAL_ACCENT_COLOR_NAME = AccentColor;
				CODE_SIGN_STYLE = Automatic;
				CURRENT_PROJECT_VERSION = 1;
				DEVELOPMENT_TEAM = NJWZGJTLYN;
				GENERATE_INFOPLIST_FILE = YES;
				INFOPLIST_FILE = Beering/Info.plist;
				INFOPLIST_KEY_CFBundleDisplayName = Beering;
				INFOPLIST_KEY_LSApplicationCategoryType = "public.app-category.food-and-drink";
				INFOPLIST_KEY_UIApplicationSupportsIndirectInputEvents = YES;
				INFOPLIST_KEY_UILaunchStoryboardName = LoginRequest;
				INFOPLIST_KEY_UISupportedInterfaceOrientations = UIInterfaceOrientationPortrait;
				INFOPLIST_KEY_UISupportedInterfaceOrientations_iPad = "UIInterfaceOrientationLandscapeLeft UIInterfaceOrientationLandscapeRight UIInterfaceOrientationPortrait UIInterfaceOrientationPortraitUpsideDown";
				IPHONEOS_DEPLOYMENT_TARGET = 13.0;
				LD_RUNPATH_SEARCH_PATHS = (
					"$(inherited)",
					"@executable_path/Frameworks",
				);
				MARKETING_VERSION = 1.0;
				PRODUCT_BUNDLE_IDENTIFIER = Beering.Beering;
				PRODUCT_NAME = "$(TARGET_NAME)";
				SUPPORTED_PLATFORMS = "iphoneos iphonesimulator";
				SUPPORTS_MACCATALYST = NO;
				SUPPORTS_MAC_DESIGNED_FOR_IPHONE_IPAD = NO;
				SWIFT_EMIT_LOC_STRINGS = YES;
				SWIFT_VERSION = 5.0;
				TARGETED_DEVICE_FAMILY = 1;
			};
			name = Release;
		};
/* End XCBuildConfiguration section */

/* Begin XCConfigurationList section */
		2E9F85CA2A5270F10082BC8B /* Build configuration list for PBXProject "Beering" */ = {
			isa = XCConfigurationList;
			buildConfigurations = (
				2E9F85E12A5270F20082BC8B /* Debug */,
				2E9F85E22A5270F20082BC8B /* Release */,
			);
			defaultConfigurationIsVisible = 0;
			defaultConfigurationName = Release;
		};
		2E9F85E32A5270F20082BC8B /* Build configuration list for PBXNativeTarget "Beering" */ = {
			isa = XCConfigurationList;
			buildConfigurations = (
				2E9F85E42A5270F20082BC8B /* Debug */,
				2E9F85E52A5270F20082BC8B /* Release */,
			);
			defaultConfigurationIsVisible = 0;
			defaultConfigurationName = Release;
		};
/* End XCConfigurationList section */
	};
	rootObject = 2E9F85C72A5270F10082BC8B /* Project object */;
}
